
Microsoft Visual Studio Solution File, Format Version 11.00
# Visual Studio 15
Project("{8BC9CEB8-8B4A-11D0-8D11-00A0C91BC942}") = "3d", "3d.vcxproj", "{7E30673E-8BCC-44B5-ADB6-6060387D4399}"
EndProject
Project("{8BC9CEB8-8B4A-11D0-8D11-00A0C91BC942}") = "3d_multi", "3d_multi.vcxproj", "{9B240AB1-5D20-428A-9FC6-122F0E238C8E}"
EndProject
Project("{8BC9CEB8-8B4A-11D0-8D11-00A0C91BC942}") = "event_parameter", "event_parameter.vcxproj", "{5DF5AAF7-B66C-4890-B5CF-37B32D17A214}"
EndProject
Project("{8BC9CEB8-8B4A-11D0-8D11-00A0C91BC942}") = "load_banks", "load_banks.vcxproj", "{B757E856-88D4-4F76-9A52-A932403919DD}"
EndProject
Project("{8BC9CEB8-8B4A-11D0-8D11-00A0C91BC942}") = "music_callbacks", "music_callbacks.vcxproj", "{412E3461-B93F-42E3-8966-92943C94A3A1}"
EndProject
Project("{8BC9CEB8-8B4A-11D0-8D11-00A0C91BC942}") = "objectpan", "objectpan.vcxproj", "{6985D8EE-F3EF-4E5F-985E-827B289650B6}"
EndProject
Project("{8BC9CEB8-8B4A-11D0-8D11-00A0C91BC942}") = "programmer_sound", "programmer_sound.vcxproj", "{3C812448-19A7-4623-AE45-D2BAE22785D0}"
EndProject
Project("{8BC9CEB8-8B4A-11D0-8D11-00A0C91BC942}") = "recording_playback", "recording_playback.vcxproj", "{B89466B6-2C66-4862-863E-2D8EE2D8FEF5}"
EndProject
Project("{8BC9CEB8-8B4A-11D0-8D11-00A0C91BC942}") = "simple_event", "simple_event.vcxproj", "{A2575AED-3AA4-4F92-8EC4-CCF6528FC7B9}"
EndProject
Global
	GlobalSection(SolutionConfigurationPlatforms) = preSolution
		Debug|Win32 = Debug|Win32
		Debug|x64 = Debug|x64
		Debug|ARM64 = Debug|ARM64
		Release|Win32 = Release|Win32
		Release|x64 = Release|x64
		Release|ARM64 = Release|ARM64
	EndGlobalSection
	GlobalSection(ProjectConfigurationPlatforms) = postSolution
		{7E30673E-8BCC-44B5-ADB6-6060387D4399}.Debug|Win32.ActiveCfg = Debug|Win32
		{7E30673E-8BCC-44B5-ADB6-6060387D4399}.Debug|Win32.Build.0 = Debug|Win32
		{7E30673E-8BCC-44B5-ADB6-6060387D4399}.Debug|Win32.Deploy.0 = Debug|Win32
		{7E30673E-8BCC-44B5-ADB6-6060387D4399}.Debug|x64.ActiveCfg = Debug|x64
		{7E30673E-8BCC-44B5-ADB6-6060387D4399}.Debug|x64.Build.0 = Debug|x64
		{7E30673E-8BCC-44B5-ADB6-6060387D4399}.Debug|x64.Deploy.0 = Debug|x64
		{7E30673E-8BCC-44B5-ADB6-6060387D4399}.Debug|ARM64.ActiveCfg = Debug|ARM64
		{7E30673E-8BCC-44B5-ADB6-6060387D4399}.Debug|ARM64.Build.0 = Debug|ARM64
		{7E30673E-8BCC-44B5-ADB6-6060387D4399}.Debug|ARM64.Deploy.0 = Debug|ARM64
		{7E30673E-8BCC-44B5-ADB6-6060387D4399}.Release|Win32.ActiveCfg = Release|Win32
		{7E30673E-8BCC-44B5-ADB6-6060387D4399}.Release|Win32.Build.0 = Release|Win32
		{7E30673E-8BCC-44B5-ADB6-6060387D4399}.Release|Win32.Deploy.0 = Release|Win32
		{7E30673E-8BCC-44B5-ADB6-6060387D4399}.Release|x64.ActiveCfg = Release|x64
		{7E30673E-8BCC-44B5-ADB6-6060387D4399}.Release|x64.Build.0 = Release|x64
		{7E30673E-8BCC-44B5-ADB6-6060387D4399}.Release|x64.Deploy.0 = Release|x64
		{7E30673E-8BCC-44B5-ADB6-6060387D4399}.Release|ARM64.ActiveCfg = Release|ARM64
		{7E30673E-8BCC-44B5-ADB6-6060387D4399}.Release|ARM64.Build.0 = Release|ARM64
		{7E30673E-8BCC-44B5-ADB6-6060387D4399}.Release|ARM64.Deploy.0 = Release|ARM64
		{9B240AB1-5D20-428A-9FC6-122F0E238C8E}.Debug|Win32.ActiveCfg = Debug|Win32
		{9B240AB1-5D20-428A-9FC6-122F0E238C8E}.Debug|Win32.Build.0 = Debug|Win32
		{9B240AB1-5D20-428A-9FC6-122F0E238C8E}.Debug|Win32.Deploy.0 = Debug|Win32
		{9B240AB1-5D20-428A-9FC6-122F0E238C8E}.Debug|x64.ActiveCfg = Debug|x64
		{9B240AB1-5D20-428A-9FC6-122F0E238C8E}.Debug|x64.Build.0 = Debug|x64
		{9B240AB1-5D20-428A-9FC6-122F0E238C8E}.Debug|x64.Deploy.0 = Debug|x64
		{9B240AB1-5D20-428A-9FC6-122F0E238C8E}.Debug|ARM64.ActiveCfg = Debug|ARM64
		{9B240AB1-5D20-428A-9FC6-122F0E238C8E}.Debug|ARM64.Build.0 = Debug|ARM64
		{9B240AB1-5D20-428A-9FC6-122F0E238C8E}.Debug|ARM64.Deploy.0 = Debug|ARM64
		{9B240AB1-5D20-428A-9FC6-122F0E238C8E}.Release|Win32.ActiveCfg = Release|Win32
		{9B240AB1-5D20-428A-9FC6-122F0E238C8E}.Release|Win32.Build.0 = Release|Win32
		{9B240AB1-5D20-428A-9FC6-122F0E238C8E}.Release|Win32.Deploy.0 = Release|Win32
		{9B240AB1-5D20-428A-9FC6-122F0E238C8E}.Release|x64.ActiveCfg = Release|x64
		{9B240AB1-5D20-428A-9FC6-122F0E238C8E}.Release|x64.Build.0 = Release|x64
		{9B240AB1-5D20-428A-9FC6-122F0E238C8E}.Release|x64.Deploy.0 = Release|x64
		{9B240AB1-5D20-428A-9FC6-122F0E238C8E}.Release|ARM64.ActiveCfg = Release|ARM64
		{9B240AB1-5D20-428A-9FC6-122F0E238C8E}.Release|ARM64.Build.0 = Release|ARM64
		{9B240AB1-5D20-428A-9FC6-122F0E238C8E}.Release|ARM64.Deploy.0 = Release|ARM64
		{5DF5AAF7-B66C-4890-B5CF-37B32D17A214}.Debug|Win32.ActiveCfg = Debug|Win32
		{5DF5AAF7-B66C-4890-B5CF-37B32D17A214}.Debug|Win32.Build.0 = Debug|Win32
		{5DF5AAF7-B66C-4890-B5CF-37B32D17A214}.Debug|Win32.Deploy.0 = Debug|Win32
		{5DF5AAF7-B66C-4890-B5CF-37B32D17A214}.Debug|x64.ActiveCfg = Debug|x64
		{5DF5AAF7-B66C-4890-B5CF-37B32D17A214}.Debug|x64.Build.0 = Debug|x64
		{5DF5AAF7-B66C-4890-B5CF-37B32D17A214}.Debug|x64.Deploy.0 = Debug|x64
		{5DF5AAF7-B66C-4890-B5CF-37B32D17A214}.Debug|ARM64.ActiveCfg = Debug|ARM64
		{5DF5AAF7-B66C-4890-B5CF-37B32D17A214}.Debug|ARM64.Build.0 = Debug|ARM64
		{5DF5AAF7-B66C-4890-B5CF-37B32D17A214}.Debug|ARM64.Deploy.0 = Debug|ARM64
		{5DF5AAF7-B66C-4890-B5CF-37B32D17A214}.Release|Win32.ActiveCfg = Release|Win32
		{5DF5AAF7-B66C-4890-B5CF-37B32D17A214}.Release|Win32.Build.0 = Release|Win32
		{5DF5AAF7-B66C-4890-B5CF-37B32D17A214}.Release|Win32.Deploy.0 = Release|Win32
		{5DF5AAF7-B66C-4890-B5CF-37B32D17A214}.Release|x64.ActiveCfg = Release|x64
		{5DF5AAF7-B66C-4890-B5CF-37B32D17A214}.Release|x64.Build.0 = Release|x64
		{5DF5AAF7-B66C-4890-B5CF-37B32D17A214}.Release|x64.Deploy.0 = Release|x64
		{5DF5AAF7-B66C-4890-B5CF-37B32D17A214}.Release|ARM64.ActiveCfg = Release|ARM64
		{5DF5AAF7-B66C-4890-B5CF-37B32D17A214}.Release|ARM64.Build.0 = Release|ARM64
		{5DF5AAF7-B66C-4890-B5CF-37B32D17A214}.Release|ARM64.Deploy.0 = Release|ARM64
		{B757E856-88D4-4F76-9A52-A932403919DD}.Debug|Win32.ActiveCfg = Debug|Win32
		{B757E856-88D4-4F76-9A52-A932403919DD}.Debug|Win32.Build.0 = Debug|Win32
		{B757E856-88D4-4F76-9A52-A932403919DD}.Debug|Win32.Deploy.0 = Debug|Win32
		{B757E856-88D4-4F76-9A52-A932403919DD}.Debug|x64.ActiveCfg = Debug|x64
		{B757E856-88D4-4F76-9A52-A932403919DD}.Debug|x64.Build.0 = Debug|x64
		{B757E856-88D4-4F76-9A52-A932403919DD}.Debug|x64.Deploy.0 = Debug|x64
		{B757E856-88D4-4F76-9A52-A932403919DD}.Debug|ARM64.ActiveCfg = Debug|ARM64
		{B757E856-88D4-4F76-9A52-A932403919DD}.Debug|ARM64.Build.0 = Debug|ARM64
		{B757E856-88D4-4F76-9A52-A932403919DD}.Debug|ARM64.Deploy.0 = Debug|ARM64
		{B757E856-88D4-4F76-9A52-A932403919DD}.Release|Win32.ActiveCfg = Release|Win32
		{B757E856-88D4-4F76-9A52-A932403919DD}.Release|Win32.Build.0 = Release|Win32
		{B757E856-88D4-4F76-9A52-A932403919DD}.Release|Win32.Deploy.0 = Release|Win32
		{B757E856-88D4-4F76-9A52-A932403919DD}.Release|x64.ActiveCfg = Release|x64
		{B757E856-88D4-4F76-9A52-A932403919DD}.Release|x64.Build.0 = Release|x64
		{B757E856-88D4-4F76-9A52-A932403919DD}.Release|x64.Deploy.0 = Release|x64
		{B757E856-88D4-4F76-9A52-A932403919DD}.Release|ARM64.ActiveCfg = Release|ARM64
		{B757E856-88D4-4F76-9A52-A932403919DD}.Release|ARM64.Build.0 = Release|ARM64
		{B757E856-88D4-4F76-9A52-A932403919DD}.Release|ARM64.Deploy.0 = Release|ARM64
		{412E3461-B93F-42E3-8966-92943C94A3A1}.Debug|Win32.ActiveCfg = Debug|Win32
		{412E3461-B93F-42E3-8966-92943C94A3A1}.Debug|Win32.Build.0 = Debug|Win32
		{412E3461-B93F-42E3-8966-92943C94A3A1}.Debug|Win32.Deploy.0 = Debug|Win32
		{412E3461-B93F-42E3-8966-92943C94A3A1}.Debug|x64.ActiveCfg = Debug|x64
		{412E3461-B93F-42E3-8966-92943C94A3A1}.Debug|x64.Build.0 = Debug|x64
		{412E3461-B93F-42E3-8966-92943C94A3A1}.Debug|x64.Deploy.0 = Debug|x64
		{412E3461-B93F-42E3-8966-92943C94A3A1}.Debug|ARM64.ActiveCfg = Debug|ARM64
		{412E3461-B93F-42E3-8966-92943C94A3A1}.Debug|ARM64.Build.0 = Debug|ARM64
		{412E3461-B93F-42E3-8966-92943C94A3A1}.Debug|ARM64.Deploy.0 = Debug|ARM64
		{412E3461-B93F-42E3-8966-92943C94A3A1}.Release|Win32.ActiveCfg = Release|Win32
		{412E3461-B93F-42E3-8966-92943C94A3A1}.Release|Win32.Build.0 = Release|Win32
		{412E3461-B93F-42E3-8966-92943C94A3A1}.Release|Win32.Deploy.0 = Release|Win32
		{412E3461-B93F-42E3-8966-92943C94A3A1}.Release|x64.ActiveCfg = Release|x64
		{412E3461-B93F-42E3-8966-92943C94A3A1}.Release|x64.Build.0 = Release|x64
		{412E3461-B93F-42E3-8966-92943C94A3A1}.Release|x64.Deploy.0 = Release|x64
		{412E3461-B93F-42E3-8966-92943C94A3A1}.Release|ARM64.ActiveCfg = Release|ARM64
		{412E3461-B93F-42E3-8966-92943C94A3A1}.Release|ARM64.Build.0 = Release|ARM64
		{412E3461-B93F-42E3-8966-92943C94A3A1}.Release|ARM64.Deploy.0 = Release|ARM64
		{6985D8EE-F3EF-4E5F-985E-827B289650B6}.Debug|Win32.ActiveCfg = Debug|Win32
		{6985D8EE-F3EF-4E5F-985E-827B289650B6}.Debug|Win32.Build.0 = Debug|Win32
		{6985D8EE-F3EF-4E5F-985E-827B289650B6}.Debug|Win32.Deploy.0 = Debug|Win32
		{6985D8EE-F3EF-4E5F-985E-827B289650B6}.Debug|x64.ActiveCfg = Debug|x64
		{6985D8EE-F3EF-4E5F-985E-827B289650B6}.Debug|x64.Build.0 = Debug|x64
		{6985D8EE-F3EF-4E5F-985E-827B289650B6}.Debug|x64.Deploy.0 = Debug|x64
		{6985D8EE-F3EF-4E5F-985E-827B289650B6}.Debug|ARM64.ActiveCfg = Debug|ARM64
		{6985D8EE-F3EF-4E5F-985E-827B289650B6}.Debug|ARM64.Build.0 = Debug|ARM64
		{6985D8EE-F3EF-4E5F-985E-827B289650B6}.Debug|ARM64.Deploy.0 = Debug|ARM64
		{6985D8EE-F3EF-4E5F-985E-827B289650B6}.Release|Win32.ActiveCfg = Release|Win32
		{6985D8EE-F3EF-4E5F-985E-827B289650B6}.Release|Win32.Build.0 = Release|Win32
		{6985D8EE-F3EF-4E5F-985E-827B289650B6}.Release|Win32.Deploy.0 = Release|Win32
		{6985D8EE-F3EF-4E5F-985E-827B289650B6}.Release|x64.ActiveCfg = Release|x64
		{6985D8EE-F3EF-4E5F-985E-827B289650B6}.Release|x64.Build.0 = Release|x64
		{6985D8EE-F3EF-4E5F-985E-827B289650B6}.Release|x64.Deploy.0 = Release|x64
		{6985D8EE-F3EF-4E5F-985E-827B289650B6}.Release|ARM64.ActiveCfg = Release|ARM64
		{6985D8EE-F3EF-4E5F-985E-827B289650B6}.Release|ARM64.Build.0 = Release|ARM64
		{6985D8EE-F3EF-4E5F-985E-827B289650B6}.Release|ARM64.Deploy.0 = Release|ARM64
		{3C812448-19A7-4623-AE45-D2BAE22785D0}.Debug|Win32.ActiveCfg = Debug|Win32
		{3C812448-19A7-4623-AE45-D2BAE22785D0}.Debug|Win32.Build.0 = Debug|Win32
		{3C812448-19A7-4623-AE45-D2BAE22785D0}.Debug|Win32.Deploy.0 = Debug|Win32
		{3C812448-19A7-4623-AE45-D2BAE22785D0}.Debug|x64.ActiveCfg = Debug|x64
		{3C812448-19A7-4623-AE45-D2BAE22785D0}.Debug|x64.Build.0 = Debug|x64
		{3C812448-19A7-4623-AE45-D2BAE22785D0}.Debug|x64.Deploy.0 = Debug|x64
		{3C812448-19A7-4623-AE45-D2BAE22785D0}.Debug|ARM64.ActiveCfg = Debug|ARM64
		{3C812448-19A7-4623-AE45-D2BAE22785D0}.Debug|ARM64.Build.0 = Debug|ARM64
		{3C812448-19A7-4623-AE45-D2BAE22785D0}.Debug|ARM64.Deploy.0 = Debug|ARM64
		{3C812448-19A7-4623-AE45-D2BAE22785D0}.Release|Win32.ActiveCfg = Release|Win32
		{3C812448-19A7-4623-AE45-D2BAE22785D0}.Release|Win32.Build.0 = Release|Win32
		{3C812448-19A7-4623-AE45-D2BAE22785D0}.Release|Win32.Deploy.0 = Release|Win32
		{3C812448-19A7-4623-AE45-D2BAE22785D0}.Release|x64.ActiveCfg = Release|x64
		{3C812448-19A7-4623-AE45-D2BAE22785D0}.Release|x64.Build.0 = Release|x64
		{3C812448-19A7-4623-AE45-D2BAE22785D0}.Release|x64.Deploy.0 = Release|x64
		{3C812448-19A7-4623-AE45-D2BAE22785D0}.Release|ARM64.ActiveCfg = Release|ARM64
		{3C812448-19A7-4623-AE45-D2BAE22785D0}.Release|ARM64.Build.0 = Release|ARM64
		{3C812448-19A7-4623-AE45-D2BAE22785D0}.Release|ARM64.Deploy.0 = Release|ARM64
		{B89466B6-2C66-4862-863E-2D8EE2D8FEF5}.Debug|Win32.ActiveCfg = Debug|Win32
		{B89466B6-2C66-4862-863E-2D8EE2D8FEF5}.Debug|Win32.Build.0 = Debug|Win32
		{B89466B6-2C66-4862-863E-2D8EE2D8FEF5}.Debug|Win32.Deploy.0 = Debug|Win32
		{B89466B6-2C66-4862-863E-2D8EE2D8FEF5}.Debug|x64.ActiveCfg = Debug|x64
		{B89466B6-2C66-4862-863E-2D8EE2D8FEF5}.Debug|x64.Build.0 = Debug|x64
		{B89466B6-2C66-4862-863E-2D8EE2D8FEF5}.Debug|x64.Deploy.0 = Debug|x64
		{B89466B6-2C66-4862-863E-2D8EE2D8FEF5}.Debug|ARM64.ActiveCfg = Debug|ARM64
		{B89466B6-2C66-4862-863E-2D8EE2D8FEF5}.Debug|ARM64.Build.0 = Debug|ARM64
		{B89466B6-2C66-4862-863E-2D8EE2D8FEF5}.Debug|ARM64.Deploy.0 = Debug|ARM64
		{B89466B6-2C66-4862-863E-2D8EE2D8FEF5}.Release|Win32.ActiveCfg = Release|Win32
		{B89466B6-2C66-4862-863E-2D8EE2D8FEF5}.Release|Win32.Build.0 = Release|Win32
		{B89466B6-2C66-4862-863E-2D8EE2D8FEF5}.Release|Win32.Deploy.0 = Release|Win32
		{B89466B6-2C66-4862-863E-2D8EE2D8FEF5}.Release|x64.ActiveCfg = Release|x64
		{B89466B6-2C66-4862-863E-2D8EE2D8FEF5}.Release|x64.Build.0 = Release|x64
		{B89466B6-2C66-4862-863E-2D8EE2D8FEF5}.Release|x64.Deploy.0 = Release|x64
		{B89466B6-2C66-4862-863E-2D8EE2D8FEF5}.Release|ARM64.ActiveCfg = Release|ARM64
		{B89466B6-2C66-4862-863E-2D8EE2D8FEF5}.Release|ARM64.Build.0 = Release|ARM64
		{B89466B6-2C66-4862-863E-2D8EE2D8FEF5}.Release|ARM64.Deploy.0 = Release|ARM64
		{A2575AED-3AA4-4F92-8EC4-CCF6528FC7B9}.Debug|Win32.ActiveCfg = Debug|Win32
		{A2575AED-3AA4-4F92-8EC4-CCF6528FC7B9}.Debug|Win32.Build.0 = Debug|Win32
		{A2575AED-3AA4-4F92-8EC4-CCF6528FC7B9}.Debug|Win32.Deploy.0 = Debug|Win32
		{A2575AED-3AA4-4F92-8EC4-CCF6528FC7B9}.Debug|x64.ActiveCfg = Debug|x64
		{A2575AED-3AA4-4F92-8EC4-CCF6528FC7B9}.Debug|x64.Build.0 = Debug|x64
		{A2575AED-3AA4-4F92-8EC4-CCF6528FC7B9}.Debug|x64.Deploy.0 = Debug|x64
		{A2575AED-3AA4-4F92-8EC4-CCF6528FC7B9}.Debug|ARM64.ActiveCfg = Debug|ARM64
		{A2575AED-3AA4-4F92-8EC4-CCF6528FC7B9}.Debug|ARM64.Build.0 = Debug|ARM64
		{A2575AED-3AA4-4F92-8EC4-CCF6528FC7B9}.Debug|ARM64.Deploy.0 = Debug|ARM64
		{A2575AED-3AA4-4F92-8EC4-CCF6528FC7B9}.Release|Win32.ActiveCfg = Release|Win32
		{A2575AED-3AA4-4F92-8EC4-CCF6528FC7B9}.Release|Win32.Build.0 = Release|Win32
		{A2575AED-3AA4-4F92-8EC4-CCF6528FC7B9}.Release|Win32.Deploy.0 = Release|Win32
		{A2575AED-3AA4-4F92-8EC4-CCF6528FC7B9}.Release|x64.ActiveCfg = Release|x64
		{A2575AED-3AA4-4F92-8EC4-CCF6528FC7B9}.Release|x64.Build.0 = Release|x64
		{A2575AED-3AA4-4F92-8EC4-CCF6528FC7B9}.Release|x64.Deploy.0 = Release|x64
		{A2575AED-3AA4-4F92-8EC4-CCF6528FC7B9}.Release|ARM64.ActiveCfg = Release|ARM64
		{A2575AED-3AA4-4F92-8EC4-CCF6528FC7B9}.Release|ARM64.Build.0 = Release|ARM64
		{A2575AED-3AA4-4F92-8EC4-CCF6528FC7B9}.Release|ARM64.Deploy.0 = Release|ARM64
	EndGlobalSection
	GlobalSection(SolutionProperties) = preSolution
		HideSolutionNode = FALSE
	EndGlobalSection
EndGlobal
