
Microsoft Visual Studio Solution File, Format Version 11.00
# Visual Studio Version 16
Project("{8BC9CEB8-8B4A-11D0-8D11-00A0C91BC942}") = "3d", "3d.vcxproj", "{DCFC38E0-468F-4E90-ABD2-9C8917324699}"
EndProject
Project("{8BC9CEB8-8B4A-11D0-8D11-00A0C91BC942}") = "asyncio", "asyncio.vcxproj", "{F2837063-BC15-4E8C-97DA-2A7118B73165}"
EndProject
Project("{8BC9CEB8-8B4A-11D0-8D11-00A0C91BC942}") = "channel_groups", "channel_groups.vcxproj", "{EA93ECED-1FB6-47B9-A7F6-18CB6AA22136}"
EndProject
Project("{8BC9CEB8-8B4A-11D0-8D11-00A0C91BC942}") = "convolution_reverb", "convolution_reverb.vcxproj", "{700B996C-D90A-43AE-957C-E2F9B023D76D}"
EndProject
Project("{8BC9CEB8-8B4A-11D0-8D11-00A0C91BC942}") = "dsp_custom", "dsp_custom.vcxproj", "{1DA9ED6D-46C3-4D96-806A-89E42E69AB9D}"
EndProject
Project("{8BC9CEB8-8B4A-11D0-8D11-00A0C91BC942}") = "dsp_effect_per_speaker", "dsp_effect_per_speaker.vcxproj", "{34F5D459-3002-4435-9A18-12249C4D8ED1}"
EndProject
Project("{8BC9CEB8-8B4A-11D0-8D11-00A0C91BC942}") = "dsp_inspector", "dsp_inspector.vcxproj", "{D9BD03EF-7BD9-4CCC-AD21-CED8E75EF49B}"
EndProject
Project("{8BC9CEB8-8B4A-11D0-8D11-00A0C91BC942}") = "effects", "effects.vcxproj", "{F2077E5B-7446-467A-BCAD-35096ABB0609}"
EndProject
Project("{8BC9CEB8-8B4A-11D0-8D11-00A0C91BC942}") = "gapless_playback", "gapless_playback.vcxproj", "{79FB33DF-F51A-45FB-8C27-E0A1FBAC4661}"
EndProject
Project("{8BC9CEB8-8B4A-11D0-8D11-00A0C91BC942}") = "generate_tone", "generate_tone.vcxproj", "{9A337A13-634C-4179-987F-8E93901B8535}"
EndProject
Project("{8BC9CEB8-8B4A-11D0-8D11-00A0C91BC942}") = "granular_synth", "granular_synth.vcxproj", "{688C834B-9BC3-485E-A137-6E0A1E4E1ADF}"
EndProject
Project("{8BC9CEB8-8B4A-11D0-8D11-00A0C91BC942}") = "load_from_memory", "load_from_memory.vcxproj", "{2C36FE0B-F35E-4E50-A85E-3BB9CF912371}"
EndProject
Project("{8BC9CEB8-8B4A-11D0-8D11-00A0C91BC942}") = "multiple_speaker", "multiple_speaker.vcxproj", "{FA3151D9-314A-4785-9114-DBCF337608B0}"
EndProject
Project("{8BC9CEB8-8B4A-11D0-8D11-00A0C91BC942}") = "multiple_system", "multiple_system.vcxproj", "{9A5D68EE-8030-45DE-8404-7726AACC007E}"
EndProject
Project("{8BC9CEB8-8B4A-11D0-8D11-00A0C91BC942}") = "net_stream", "net_stream.vcxproj", "{3621BC99-F495-408E-B28C-287642CDA3D8}"
EndProject
Project("{8BC9CEB8-8B4A-11D0-8D11-00A0C91BC942}") = "play_sound", "play_sound.vcxproj", "{821148ED-7255-44FD-B91C-D8CEC23C6D11}"
EndProject
Project("{8BC9CEB8-8B4A-11D0-8D11-00A0C91BC942}") = "play_stream", "play_stream.vcxproj", "{75D6CE36-D1CF-46F7-B677-E4059FFBC5F9}"
EndProject
Project("{8BC9CEB8-8B4A-11D0-8D11-00A0C91BC942}") = "record", "record.vcxproj", "{E21E361F-0F15-41C8-BEE3-6071B8A49FDE}"
EndProject
Project("{8BC9CEB8-8B4A-11D0-8D11-00A0C91BC942}") = "record_enumeration", "record_enumeration.vcxproj", "{44FF609C-6EF6-4246-81AD-F6E2D0D79A82}"
EndProject
Project("{8BC9CEB8-8B4A-11D0-8D11-00A0C91BC942}") = "user_created_sound", "user_created_sound.vcxproj", "{EE7FAB21-8A17-4D10-A05A-B332E6B50E33}"
EndProject
Project("{8BC9CEB8-8B4A-11D0-8D11-00A0C91BC942}") = "fmod_codec_raw", "fmod_codec_raw.vcxproj", "{CA2E51CB-01F5-446A-A348-C4631C6832CB}"
EndProject
Project("{8BC9CEB8-8B4A-11D0-8D11-00A0C91BC942}") = "fmod_distance_filter", "fmod_distance_filter.vcxproj", "{1030F4CE-25C3-4BA2-8EA8-C46B10B150A0}"
EndProject
Project("{8BC9CEB8-8B4A-11D0-8D11-00A0C91BC942}") = "fmod_gain", "fmod_gain.vcxproj", "{3EAF2073-B909-450B-A294-08D23D87CEA8}"
EndProject
Project("{8BC9CEB8-8B4A-11D0-8D11-00A0C91BC942}") = "fmod_noise", "fmod_noise.vcxproj", "{A8195346-FFB2-4E40-8730-ADE21749746A}"
EndProject
Project("{8BC9CEB8-8B4A-11D0-8D11-00A0C91BC942}") = "fmod_rnbo", "fmod_rnbo.vcxproj", "{0CFF6755-6A44-48BC-9AFF-12D809D4A697}"
EndProject
Project("{8BC9CEB8-8B4A-11D0-8D11-00A0C91BC942}") = "output_mp3", "output_mp3.vcxproj", "{FD4E631D-5AB3-4A30-A969-D6602FE4EB1C}"
EndProject
Global
	GlobalSection(SolutionConfigurationPlatforms) = preSolution
		Debug|Win32 = Debug|Win32
		Debug|x64 = Debug|x64
		Debug|ARM64 = Debug|ARM64
		Release|Win32 = Release|Win32
		Release|x64 = Release|x64
		Release|ARM64 = Release|ARM64
	EndGlobalSection
	GlobalSection(ProjectConfigurationPlatforms) = postSolution
		{DCFC38E0-468F-4E90-ABD2-9C8917324699}.Debug|Win32.ActiveCfg = Debug|Win32
		{DCFC38E0-468F-4E90-ABD2-9C8917324699}.Debug|Win32.Build.0 = Debug|Win32
		{DCFC38E0-468F-4E90-ABD2-9C8917324699}.Debug|Win32.Deploy.0 = Debug|Win32
		{DCFC38E0-468F-4E90-ABD2-9C8917324699}.Debug|x64.ActiveCfg = Debug|x64
		{DCFC38E0-468F-4E90-ABD2-9C8917324699}.Debug|x64.Build.0 = Debug|x64
		{DCFC38E0-468F-4E90-ABD2-9C8917324699}.Debug|x64.Deploy.0 = Debug|x64
		{DCFC38E0-468F-4E90-ABD2-9C8917324699}.Debug|ARM64.ActiveCfg = Debug|ARM64
		{DCFC38E0-468F-4E90-ABD2-9C8917324699}.Debug|ARM64.Build.0 = Debug|ARM64
		{DCFC38E0-468F-4E90-ABD2-9C8917324699}.Debug|ARM64.Deploy.0 = Debug|ARM64
		{DCFC38E0-468F-4E90-ABD2-9C8917324699}.Release|Win32.ActiveCfg = Release|Win32
		{DCFC38E0-468F-4E90-ABD2-9C8917324699}.Release|Win32.Build.0 = Release|Win32
		{DCFC38E0-468F-4E90-ABD2-9C8917324699}.Release|Win32.Deploy.0 = Release|Win32
		{DCFC38E0-468F-4E90-ABD2-9C8917324699}.Release|x64.ActiveCfg = Release|x64
		{DCFC38E0-468F-4E90-ABD2-9C8917324699}.Release|x64.Build.0 = Release|x64
		{DCFC38E0-468F-4E90-ABD2-9C8917324699}.Release|x64.Deploy.0 = Release|x64
		{DCFC38E0-468F-4E90-ABD2-9C8917324699}.Release|ARM64.ActiveCfg = Release|ARM64
		{DCFC38E0-468F-4E90-ABD2-9C8917324699}.Release|ARM64.Build.0 = Release|ARM64
		{DCFC38E0-468F-4E90-ABD2-9C8917324699}.Release|ARM64.Deploy.0 = Release|ARM64
		{F2837063-BC15-4E8C-97DA-2A7118B73165}.Debug|Win32.ActiveCfg = Debug|Win32
		{F2837063-BC15-4E8C-97DA-2A7118B73165}.Debug|Win32.Build.0 = Debug|Win32
		{F2837063-BC15-4E8C-97DA-2A7118B73165}.Debug|Win32.Deploy.0 = Debug|Win32
		{F2837063-BC15-4E8C-97DA-2A7118B73165}.Debug|x64.ActiveCfg = Debug|x64
		{F2837063-BC15-4E8C-97DA-2A7118B73165}.Debug|x64.Build.0 = Debug|x64
		{F2837063-BC15-4E8C-97DA-2A7118B73165}.Debug|x64.Deploy.0 = Debug|x64
		{F2837063-BC15-4E8C-97DA-2A7118B73165}.Debug|ARM64.ActiveCfg = Debug|ARM64
		{F2837063-BC15-4E8C-97DA-2A7118B73165}.Debug|ARM64.Build.0 = Debug|ARM64
		{F2837063-BC15-4E8C-97DA-2A7118B73165}.Debug|ARM64.Deploy.0 = Debug|ARM64
		{F2837063-BC15-4E8C-97DA-2A7118B73165}.Release|Win32.ActiveCfg = Release|Win32
		{F2837063-BC15-4E8C-97DA-2A7118B73165}.Release|Win32.Build.0 = Release|Win32
		{F2837063-BC15-4E8C-97DA-2A7118B73165}.Release|Win32.Deploy.0 = Release|Win32
		{F2837063-BC15-4E8C-97DA-2A7118B73165}.Release|x64.ActiveCfg = Release|x64
		{F2837063-BC15-4E8C-97DA-2A7118B73165}.Release|x64.Build.0 = Release|x64
		{F2837063-BC15-4E8C-97DA-2A7118B73165}.Release|x64.Deploy.0 = Release|x64
		{F2837063-BC15-4E8C-97DA-2A7118B73165}.Release|ARM64.ActiveCfg = Release|ARM64
		{F2837063-BC15-4E8C-97DA-2A7118B73165}.Release|ARM64.Build.0 = Release|ARM64
		{F2837063-BC15-4E8C-97DA-2A7118B73165}.Release|ARM64.Deploy.0 = Release|ARM64
		{EA93ECED-1FB6-47B9-A7F6-18CB6AA22136}.Debug|Win32.ActiveCfg = Debug|Win32
		{EA93ECED-1FB6-47B9-A7F6-18CB6AA22136}.Debug|Win32.Build.0 = Debug|Win32
		{EA93ECED-1FB6-47B9-A7F6-18CB6AA22136}.Debug|Win32.Deploy.0 = Debug|Win32
		{EA93ECED-1FB6-47B9-A7F6-18CB6AA22136}.Debug|x64.ActiveCfg = Debug|x64
		{EA93ECED-1FB6-47B9-A7F6-18CB6AA22136}.Debug|x64.Build.0 = Debug|x64
		{EA93ECED-1FB6-47B9-A7F6-18CB6AA22136}.Debug|x64.Deploy.0 = Debug|x64
		{EA93ECED-1FB6-47B9-A7F6-18CB6AA22136}.Debug|ARM64.ActiveCfg = Debug|ARM64
		{EA93ECED-1FB6-47B9-A7F6-18CB6AA22136}.Debug|ARM64.Build.0 = Debug|ARM64
		{EA93ECED-1FB6-47B9-A7F6-18CB6AA22136}.Debug|ARM64.Deploy.0 = Debug|ARM64
		{EA93ECED-1FB6-47B9-A7F6-18CB6AA22136}.Release|Win32.ActiveCfg = Release|Win32
		{EA93ECED-1FB6-47B9-A7F6-18CB6AA22136}.Release|Win32.Build.0 = Release|Win32
		{EA93ECED-1FB6-47B9-A7F6-18CB6AA22136}.Release|Win32.Deploy.0 = Release|Win32
		{EA93ECED-1FB6-47B9-A7F6-18CB6AA22136}.Release|x64.ActiveCfg = Release|x64
		{EA93ECED-1FB6-47B9-A7F6-18CB6AA22136}.Release|x64.Build.0 = Release|x64
		{EA93ECED-1FB6-47B9-A7F6-18CB6AA22136}.Release|x64.Deploy.0 = Release|x64
		{EA93ECED-1FB6-47B9-A7F6-18CB6AA22136}.Release|ARM64.ActiveCfg = Release|ARM64
		{EA93ECED-1FB6-47B9-A7F6-18CB6AA22136}.Release|ARM64.Build.0 = Release|ARM64
		{EA93ECED-1FB6-47B9-A7F6-18CB6AA22136}.Release|ARM64.Deploy.0 = Release|ARM64
		{700B996C-D90A-43AE-957C-E2F9B023D76D}.Debug|Win32.ActiveCfg = Debug|Win32
		{700B996C-D90A-43AE-957C-E2F9B023D76D}.Debug|Win32.Build.0 = Debug|Win32
		{700B996C-D90A-43AE-957C-E2F9B023D76D}.Debug|Win32.Deploy.0 = Debug|Win32
		{700B996C-D90A-43AE-957C-E2F9B023D76D}.Debug|x64.ActiveCfg = Debug|x64
		{700B996C-D90A-43AE-957C-E2F9B023D76D}.Debug|x64.Build.0 = Debug|x64
		{700B996C-D90A-43AE-957C-E2F9B023D76D}.Debug|x64.Deploy.0 = Debug|x64
		{700B996C-D90A-43AE-957C-E2F9B023D76D}.Debug|ARM64.ActiveCfg = Debug|ARM64
		{700B996C-D90A-43AE-957C-E2F9B023D76D}.Debug|ARM64.Build.0 = Debug|ARM64
		{700B996C-D90A-43AE-957C-E2F9B023D76D}.Debug|ARM64.Deploy.0 = Debug|ARM64
		{700B996C-D90A-43AE-957C-E2F9B023D76D}.Release|Win32.ActiveCfg = Release|Win32
		{700B996C-D90A-43AE-957C-E2F9B023D76D}.Release|Win32.Build.0 = Release|Win32
		{700B996C-D90A-43AE-957C-E2F9B023D76D}.Release|Win32.Deploy.0 = Release|Win32
		{700B996C-D90A-43AE-957C-E2F9B023D76D}.Release|x64.ActiveCfg = Release|x64
		{700B996C-D90A-43AE-957C-E2F9B023D76D}.Release|x64.Build.0 = Release|x64
		{700B996C-D90A-43AE-957C-E2F9B023D76D}.Release|x64.Deploy.0 = Release|x64
		{700B996C-D90A-43AE-957C-E2F9B023D76D}.Release|ARM64.ActiveCfg = Release|ARM64
		{700B996C-D90A-43AE-957C-E2F9B023D76D}.Release|ARM64.Build.0 = Release|ARM64
		{700B996C-D90A-43AE-957C-E2F9B023D76D}.Release|ARM64.Deploy.0 = Release|ARM64
		{1DA9ED6D-46C3-4D96-806A-89E42E69AB9D}.Debug|Win32.ActiveCfg = Debug|Win32
		{1DA9ED6D-46C3-4D96-806A-89E42E69AB9D}.Debug|Win32.Build.0 = Debug|Win32
		{1DA9ED6D-46C3-4D96-806A-89E42E69AB9D}.Debug|Win32.Deploy.0 = Debug|Win32
		{1DA9ED6D-46C3-4D96-806A-89E42E69AB9D}.Debug|x64.ActiveCfg = Debug|x64
		{1DA9ED6D-46C3-4D96-806A-89E42E69AB9D}.Debug|x64.Build.0 = Debug|x64
		{1DA9ED6D-46C3-4D96-806A-89E42E69AB9D}.Debug|x64.Deploy.0 = Debug|x64
		{1DA9ED6D-46C3-4D96-806A-89E42E69AB9D}.Debug|ARM64.ActiveCfg = Debug|ARM64
		{1DA9ED6D-46C3-4D96-806A-89E42E69AB9D}.Debug|ARM64.Build.0 = Debug|ARM64
		{1DA9ED6D-46C3-4D96-806A-89E42E69AB9D}.Debug|ARM64.Deploy.0 = Debug|ARM64
		{1DA9ED6D-46C3-4D96-806A-89E42E69AB9D}.Release|Win32.ActiveCfg = Release|Win32
		{1DA9ED6D-46C3-4D96-806A-89E42E69AB9D}.Release|Win32.Build.0 = Release|Win32
		{1DA9ED6D-46C3-4D96-806A-89E42E69AB9D}.Release|Win32.Deploy.0 = Release|Win32
		{1DA9ED6D-46C3-4D96-806A-89E42E69AB9D}.Release|x64.ActiveCfg = Release|x64
		{1DA9ED6D-46C3-4D96-806A-89E42E69AB9D}.Release|x64.Build.0 = Release|x64
		{1DA9ED6D-46C3-4D96-806A-89E42E69AB9D}.Release|x64.Deploy.0 = Release|x64
		{1DA9ED6D-46C3-4D96-806A-89E42E69AB9D}.Release|ARM64.ActiveCfg = Release|ARM64
		{1DA9ED6D-46C3-4D96-806A-89E42E69AB9D}.Release|ARM64.Build.0 = Release|ARM64
		{1DA9ED6D-46C3-4D96-806A-89E42E69AB9D}.Release|ARM64.Deploy.0 = Release|ARM64
		{34F5D459-3002-4435-9A18-12249C4D8ED1}.Debug|Win32.ActiveCfg = Debug|Win32
		{34F5D459-3002-4435-9A18-12249C4D8ED1}.Debug|Win32.Build.0 = Debug|Win32
		{34F5D459-3002-4435-9A18-12249C4D8ED1}.Debug|Win32.Deploy.0 = Debug|Win32
		{34F5D459-3002-4435-9A18-12249C4D8ED1}.Debug|x64.ActiveCfg = Debug|x64
		{34F5D459-3002-4435-9A18-12249C4D8ED1}.Debug|x64.Build.0 = Debug|x64
		{34F5D459-3002-4435-9A18-12249C4D8ED1}.Debug|x64.Deploy.0 = Debug|x64
		{34F5D459-3002-4435-9A18-12249C4D8ED1}.Debug|ARM64.ActiveCfg = Debug|ARM64
		{34F5D459-3002-4435-9A18-12249C4D8ED1}.Debug|ARM64.Build.0 = Debug|ARM64
		{34F5D459-3002-4435-9A18-12249C4D8ED1}.Debug|ARM64.Deploy.0 = Debug|ARM64
		{34F5D459-3002-4435-9A18-12249C4D8ED1}.Release|Win32.ActiveCfg = Release|Win32
		{34F5D459-3002-4435-9A18-12249C4D8ED1}.Release|Win32.Build.0 = Release|Win32
		{34F5D459-3002-4435-9A18-12249C4D8ED1}.Release|Win32.Deploy.0 = Release|Win32
		{34F5D459-3002-4435-9A18-12249C4D8ED1}.Release|x64.ActiveCfg = Release|x64
		{34F5D459-3002-4435-9A18-12249C4D8ED1}.Release|x64.Build.0 = Release|x64
		{34F5D459-3002-4435-9A18-12249C4D8ED1}.Release|x64.Deploy.0 = Release|x64
		{34F5D459-3002-4435-9A18-12249C4D8ED1}.Release|ARM64.ActiveCfg = Release|ARM64
		{34F5D459-3002-4435-9A18-12249C4D8ED1}.Release|ARM64.Build.0 = Release|ARM64
		{34F5D459-3002-4435-9A18-12249C4D8ED1}.Release|ARM64.Deploy.0 = Release|ARM64
		{D9BD03EF-7BD9-4CCC-AD21-CED8E75EF49B}.Debug|Win32.ActiveCfg = Debug|Win32
		{D9BD03EF-7BD9-4CCC-AD21-CED8E75EF49B}.Debug|Win32.Build.0 = Debug|Win32
		{D9BD03EF-7BD9-4CCC-AD21-CED8E75EF49B}.Debug|Win32.Deploy.0 = Debug|Win32
		{D9BD03EF-7BD9-4CCC-AD21-CED8E75EF49B}.Debug|x64.ActiveCfg = Debug|x64
		{D9BD03EF-7BD9-4CCC-AD21-CED8E75EF49B}.Debug|x64.Build.0 = Debug|x64
		{D9BD03EF-7BD9-4CCC-AD21-CED8E75EF49B}.Debug|x64.Deploy.0 = Debug|x64
		{D9BD03EF-7BD9-4CCC-AD21-CED8E75EF49B}.Debug|ARM64.ActiveCfg = Debug|ARM64
		{D9BD03EF-7BD9-4CCC-AD21-CED8E75EF49B}.Debug|ARM64.Build.0 = Debug|ARM64
		{D9BD03EF-7BD9-4CCC-AD21-CED8E75EF49B}.Debug|ARM64.Deploy.0 = Debug|ARM64
		{D9BD03EF-7BD9-4CCC-AD21-CED8E75EF49B}.Release|Win32.ActiveCfg = Release|Win32
		{D9BD03EF-7BD9-4CCC-AD21-CED8E75EF49B}.Release|Win32.Build.0 = Release|Win32
		{D9BD03EF-7BD9-4CCC-AD21-CED8E75EF49B}.Release|Win32.Deploy.0 = Release|Win32
		{D9BD03EF-7BD9-4CCC-AD21-CED8E75EF49B}.Release|x64.ActiveCfg = Release|x64
		{D9BD03EF-7BD9-4CCC-AD21-CED8E75EF49B}.Release|x64.Build.0 = Release|x64
		{D9BD03EF-7BD9-4CCC-AD21-CED8E75EF49B}.Release|x64.Deploy.0 = Release|x64
		{D9BD03EF-7BD9-4CCC-AD21-CED8E75EF49B}.Release|ARM64.ActiveCfg = Release|ARM64
		{D9BD03EF-7BD9-4CCC-AD21-CED8E75EF49B}.Release|ARM64.Build.0 = Release|ARM64
		{D9BD03EF-7BD9-4CCC-AD21-CED8E75EF49B}.Release|ARM64.Deploy.0 = Release|ARM64
		{F2077E5B-7446-467A-BCAD-35096ABB0609}.Debug|Win32.ActiveCfg = Debug|Win32
		{F2077E5B-7446-467A-BCAD-35096ABB0609}.Debug|Win32.Build.0 = Debug|Win32
		{F2077E5B-7446-467A-BCAD-35096ABB0609}.Debug|Win32.Deploy.0 = Debug|Win32
		{F2077E5B-7446-467A-BCAD-35096ABB0609}.Debug|x64.ActiveCfg = Debug|x64
		{F2077E5B-7446-467A-BCAD-35096ABB0609}.Debug|x64.Build.0 = Debug|x64
		{F2077E5B-7446-467A-BCAD-35096ABB0609}.Debug|x64.Deploy.0 = Debug|x64
		{F2077E5B-7446-467A-BCAD-35096ABB0609}.Debug|ARM64.ActiveCfg = Debug|ARM64
		{F2077E5B-7446-467A-BCAD-35096ABB0609}.Debug|ARM64.Build.0 = Debug|ARM64
		{F2077E5B-7446-467A-BCAD-35096ABB0609}.Debug|ARM64.Deploy.0 = Debug|ARM64
		{F2077E5B-7446-467A-BCAD-35096ABB0609}.Release|Win32.ActiveCfg = Release|Win32
		{F2077E5B-7446-467A-BCAD-35096ABB0609}.Release|Win32.Build.0 = Release|Win32
		{F2077E5B-7446-467A-BCAD-35096ABB0609}.Release|Win32.Deploy.0 = Release|Win32
		{F2077E5B-7446-467A-BCAD-35096ABB0609}.Release|x64.ActiveCfg = Release|x64
		{F2077E5B-7446-467A-BCAD-35096ABB0609}.Release|x64.Build.0 = Release|x64
		{F2077E5B-7446-467A-BCAD-35096ABB0609}.Release|x64.Deploy.0 = Release|x64
		{F2077E5B-7446-467A-BCAD-35096ABB0609}.Release|ARM64.ActiveCfg = Release|ARM64
		{F2077E5B-7446-467A-BCAD-35096ABB0609}.Release|ARM64.Build.0 = Release|ARM64
		{F2077E5B-7446-467A-BCAD-35096ABB0609}.Release|ARM64.Deploy.0 = Release|ARM64
		{79FB33DF-F51A-45FB-8C27-E0A1FBAC4661}.Debug|Win32.ActiveCfg = Debug|Win32
		{79FB33DF-F51A-45FB-8C27-E0A1FBAC4661}.Debug|Win32.Build.0 = Debug|Win32
		{79FB33DF-F51A-45FB-8C27-E0A1FBAC4661}.Debug|Win32.Deploy.0 = Debug|Win32
		{79FB33DF-F51A-45FB-8C27-E0A1FBAC4661}.Debug|x64.ActiveCfg = Debug|x64
		{79FB33DF-F51A-45FB-8C27-E0A1FBAC4661}.Debug|x64.Build.0 = Debug|x64
		{79FB33DF-F51A-45FB-8C27-E0A1FBAC4661}.Debug|x64.Deploy.0 = Debug|x64
		{79FB33DF-F51A-45FB-8C27-E0A1FBAC4661}.Debug|ARM64.ActiveCfg = Debug|ARM64
		{79FB33DF-F51A-45FB-8C27-E0A1FBAC4661}.Debug|ARM64.Build.0 = Debug|ARM64
		{79FB33DF-F51A-45FB-8C27-E0A1FBAC4661}.Debug|ARM64.Deploy.0 = Debug|ARM64
		{79FB33DF-F51A-45FB-8C27-E0A1FBAC4661}.Release|Win32.ActiveCfg = Release|Win32
		{79FB33DF-F51A-45FB-8C27-E0A1FBAC4661}.Release|Win32.Build.0 = Release|Win32
		{79FB33DF-F51A-45FB-8C27-E0A1FBAC4661}.Release|Win32.Deploy.0 = Release|Win32
		{79FB33DF-F51A-45FB-8C27-E0A1FBAC4661}.Release|x64.ActiveCfg = Release|x64
		{79FB33DF-F51A-45FB-8C27-E0A1FBAC4661}.Release|x64.Build.0 = Release|x64
		{79FB33DF-F51A-45FB-8C27-E0A1FBAC4661}.Release|x64.Deploy.0 = Release|x64
		{79FB33DF-F51A-45FB-8C27-E0A1FBAC4661}.Release|ARM64.ActiveCfg = Release|ARM64
		{79FB33DF-F51A-45FB-8C27-E0A1FBAC4661}.Release|ARM64.Build.0 = Release|ARM64
		{79FB33DF-F51A-45FB-8C27-E0A1FBAC4661}.Release|ARM64.Deploy.0 = Release|ARM64
		{9A337A13-634C-4179-987F-8E93901B8535}.Debug|Win32.ActiveCfg = Debug|Win32
		{9A337A13-634C-4179-987F-8E93901B8535}.Debug|Win32.Build.0 = Debug|Win32
		{9A337A13-634C-4179-987F-8E93901B8535}.Debug|Win32.Deploy.0 = Debug|Win32
		{9A337A13-634C-4179-987F-8E93901B8535}.Debug|x64.ActiveCfg = Debug|x64
		{9A337A13-634C-4179-987F-8E93901B8535}.Debug|x64.Build.0 = Debug|x64
		{9A337A13-634C-4179-987F-8E93901B8535}.Debug|x64.Deploy.0 = Debug|x64
		{9A337A13-634C-4179-987F-8E93901B8535}.Debug|ARM64.ActiveCfg = Debug|ARM64
		{9A337A13-634C-4179-987F-8E93901B8535}.Debug|ARM64.Build.0 = Debug|ARM64
		{9A337A13-634C-4179-987F-8E93901B8535}.Debug|ARM64.Deploy.0 = Debug|ARM64
		{9A337A13-634C-4179-987F-8E93901B8535}.Release|Win32.ActiveCfg = Release|Win32
		{9A337A13-634C-4179-987F-8E93901B8535}.Release|Win32.Build.0 = Release|Win32
		{9A337A13-634C-4179-987F-8E93901B8535}.Release|Win32.Deploy.0 = Release|Win32
		{9A337A13-634C-4179-987F-8E93901B8535}.Release|x64.ActiveCfg = Release|x64
		{9A337A13-634C-4179-987F-8E93901B8535}.Release|x64.Build.0 = Release|x64
		{9A337A13-634C-4179-987F-8E93901B8535}.Release|x64.Deploy.0 = Release|x64
		{9A337A13-634C-4179-987F-8E93901B8535}.Release|ARM64.ActiveCfg = Release|ARM64
		{9A337A13-634C-4179-987F-8E93901B8535}.Release|ARM64.Build.0 = Release|ARM64
		{9A337A13-634C-4179-987F-8E93901B8535}.Release|ARM64.Deploy.0 = Release|ARM64
		{688C834B-9BC3-485E-A137-6E0A1E4E1ADF}.Debug|Win32.ActiveCfg = Debug|Win32
		{688C834B-9BC3-485E-A137-6E0A1E4E1ADF}.Debug|Win32.Build.0 = Debug|Win32
		{688C834B-9BC3-485E-A137-6E0A1E4E1ADF}.Debug|Win32.Deploy.0 = Debug|Win32
		{688C834B-9BC3-485E-A137-6E0A1E4E1ADF}.Debug|x64.ActiveCfg = Debug|x64
		{688C834B-9BC3-485E-A137-6E0A1E4E1ADF}.Debug|x64.Build.0 = Debug|x64
		{688C834B-9BC3-485E-A137-6E0A1E4E1ADF}.Debug|x64.Deploy.0 = Debug|x64
		{688C834B-9BC3-485E-A137-6E0A1E4E1ADF}.Debug|ARM64.ActiveCfg = Debug|ARM64
		{688C834B-9BC3-485E-A137-6E0A1E4E1ADF}.Debug|ARM64.Build.0 = Debug|ARM64
		{688C834B-9BC3-485E-A137-6E0A1E4E1ADF}.Debug|ARM64.Deploy.0 = Debug|ARM64
		{688C834B-9BC3-485E-A137-6E0A1E4E1ADF}.Release|Win32.ActiveCfg = Release|Win32
		{688C834B-9BC3-485E-A137-6E0A1E4E1ADF}.Release|Win32.Build.0 = Release|Win32
		{688C834B-9BC3-485E-A137-6E0A1E4E1ADF}.Release|Win32.Deploy.0 = Release|Win32
		{688C834B-9BC3-485E-A137-6E0A1E4E1ADF}.Release|x64.ActiveCfg = Release|x64
		{688C834B-9BC3-485E-A137-6E0A1E4E1ADF}.Release|x64.Build.0 = Release|x64
		{688C834B-9BC3-485E-A137-6E0A1E4E1ADF}.Release|x64.Deploy.0 = Release|x64
		{688C834B-9BC3-485E-A137-6E0A1E4E1ADF}.Release|ARM64.ActiveCfg = Release|ARM64
		{688C834B-9BC3-485E-A137-6E0A1E4E1ADF}.Release|ARM64.Build.0 = Release|ARM64
		{688C834B-9BC3-485E-A137-6E0A1E4E1ADF}.Release|ARM64.Deploy.0 = Release|ARM64
		{2C36FE0B-F35E-4E50-A85E-3BB9CF912371}.Debug|Win32.ActiveCfg = Debug|Win32
		{2C36FE0B-F35E-4E50-A85E-3BB9CF912371}.Debug|Win32.Build.0 = Debug|Win32
		{2C36FE0B-F35E-4E50-A85E-3BB9CF912371}.Debug|Win32.Deploy.0 = Debug|Win32
		{2C36FE0B-F35E-4E50-A85E-3BB9CF912371}.Debug|x64.ActiveCfg = Debug|x64
		{2C36FE0B-F35E-4E50-A85E-3BB9CF912371}.Debug|x64.Build.0 = Debug|x64
		{2C36FE0B-F35E-4E50-A85E-3BB9CF912371}.Debug|x64.Deploy.0 = Debug|x64
		{2C36FE0B-F35E-4E50-A85E-3BB9CF912371}.Debug|ARM64.ActiveCfg = Debug|ARM64
		{2C36FE0B-F35E-4E50-A85E-3BB9CF912371}.Debug|ARM64.Build.0 = Debug|ARM64
		{2C36FE0B-F35E-4E50-A85E-3BB9CF912371}.Debug|ARM64.Deploy.0 = Debug|ARM64
		{2C36FE0B-F35E-4E50-A85E-3BB9CF912371}.Release|Win32.ActiveCfg = Release|Win32
		{2C36FE0B-F35E-4E50-A85E-3BB9CF912371}.Release|Win32.Build.0 = Release|Win32
		{2C36FE0B-F35E-4E50-A85E-3BB9CF912371}.Release|Win32.Deploy.0 = Release|Win32
		{2C36FE0B-F35E-4E50-A85E-3BB9CF912371}.Release|x64.ActiveCfg = Release|x64
		{2C36FE0B-F35E-4E50-A85E-3BB9CF912371}.Release|x64.Build.0 = Release|x64
		{2C36FE0B-F35E-4E50-A85E-3BB9CF912371}.Release|x64.Deploy.0 = Release|x64
		{2C36FE0B-F35E-4E50-A85E-3BB9CF912371}.Release|ARM64.ActiveCfg = Release|ARM64
		{2C36FE0B-F35E-4E50-A85E-3BB9CF912371}.Release|ARM64.Build.0 = Release|ARM64
		{2C36FE0B-F35E-4E50-A85E-3BB9CF912371}.Release|ARM64.Deploy.0 = Release|ARM64
		{FA3151D9-314A-4785-9114-DBCF337608B0}.Debug|Win32.ActiveCfg = Debug|Win32
		{FA3151D9-314A-4785-9114-DBCF337608B0}.Debug|Win32.Build.0 = Debug|Win32
		{FA3151D9-314A-4785-9114-DBCF337608B0}.Debug|Win32.Deploy.0 = Debug|Win32
		{FA3151D9-314A-4785-9114-DBCF337608B0}.Debug|x64.ActiveCfg = Debug|x64
		{FA3151D9-314A-4785-9114-DBCF337608B0}.Debug|x64.Build.0 = Debug|x64
		{FA3151D9-314A-4785-9114-DBCF337608B0}.Debug|x64.Deploy.0 = Debug|x64
		{FA3151D9-314A-4785-9114-DBCF337608B0}.Debug|ARM64.ActiveCfg = Debug|ARM64
		{FA3151D9-314A-4785-9114-DBCF337608B0}.Debug|ARM64.Build.0 = Debug|ARM64
		{FA3151D9-314A-4785-9114-DBCF337608B0}.Debug|ARM64.Deploy.0 = Debug|ARM64
		{FA3151D9-314A-4785-9114-DBCF337608B0}.Release|Win32.ActiveCfg = Release|Win32
		{FA3151D9-314A-4785-9114-DBCF337608B0}.Release|Win32.Build.0 = Release|Win32
		{FA3151D9-314A-4785-9114-DBCF337608B0}.Release|Win32.Deploy.0 = Release|Win32
		{FA3151D9-314A-4785-9114-DBCF337608B0}.Release|x64.ActiveCfg = Release|x64
		{FA3151D9-314A-4785-9114-DBCF337608B0}.Release|x64.Build.0 = Release|x64
		{FA3151D9-314A-4785-9114-DBCF337608B0}.Release|x64.Deploy.0 = Release|x64
		{FA3151D9-314A-4785-9114-DBCF337608B0}.Release|ARM64.ActiveCfg = Release|ARM64
		{FA3151D9-314A-4785-9114-DBCF337608B0}.Release|ARM64.Build.0 = Release|ARM64
		{FA3151D9-314A-4785-9114-DBCF337608B0}.Release|ARM64.Deploy.0 = Release|ARM64
		{9A5D68EE-8030-45DE-8404-7726AACC007E}.Debug|Win32.ActiveCfg = Debug|Win32
		{9A5D68EE-8030-45DE-8404-7726AACC007E}.Debug|Win32.Build.0 = Debug|Win32
		{9A5D68EE-8030-45DE-8404-7726AACC007E}.Debug|Win32.Deploy.0 = Debug|Win32
		{9A5D68EE-8030-45DE-8404-7726AACC007E}.Debug|x64.ActiveCfg = Debug|x64
		{9A5D68EE-8030-45DE-8404-7726AACC007E}.Debug|x64.Build.0 = Debug|x64
		{9A5D68EE-8030-45DE-8404-7726AACC007E}.Debug|x64.Deploy.0 = Debug|x64
		{9A5D68EE-8030-45DE-8404-7726AACC007E}.Debug|ARM64.ActiveCfg = Debug|ARM64
		{9A5D68EE-8030-45DE-8404-7726AACC007E}.Debug|ARM64.Build.0 = Debug|ARM64
		{9A5D68EE-8030-45DE-8404-7726AACC007E}.Debug|ARM64.Deploy.0 = Debug|ARM64
		{9A5D68EE-8030-45DE-8404-7726AACC007E}.Release|Win32.ActiveCfg = Release|Win32
		{9A5D68EE-8030-45DE-8404-7726AACC007E}.Release|Win32.Build.0 = Release|Win32
		{9A5D68EE-8030-45DE-8404-7726AACC007E}.Release|Win32.Deploy.0 = Release|Win32
		{9A5D68EE-8030-45DE-8404-7726AACC007E}.Release|x64.ActiveCfg = Release|x64
		{9A5D68EE-8030-45DE-8404-7726AACC007E}.Release|x64.Build.0 = Release|x64
		{9A5D68EE-8030-45DE-8404-7726AACC007E}.Release|x64.Deploy.0 = Release|x64
		{9A5D68EE-8030-45DE-8404-7726AACC007E}.Release|ARM64.ActiveCfg = Release|ARM64
		{9A5D68EE-8030-45DE-8404-7726AACC007E}.Release|ARM64.Build.0 = Release|ARM64
		{9A5D68EE-8030-45DE-8404-7726AACC007E}.Release|ARM64.Deploy.0 = Release|ARM64
		{3621BC99-F495-408E-B28C-287642CDA3D8}.Debug|Win32.ActiveCfg = Debug|Win32
		{3621BC99-F495-408E-B28C-287642CDA3D8}.Debug|Win32.Build.0 = Debug|Win32
		{3621BC99-F495-408E-B28C-287642CDA3D8}.Debug|Win32.Deploy.0 = Debug|Win32
		{3621BC99-F495-408E-B28C-287642CDA3D8}.Debug|x64.ActiveCfg = Debug|x64
		{3621BC99-F495-408E-B28C-287642CDA3D8}.Debug|x64.Build.0 = Debug|x64
		{3621BC99-F495-408E-B28C-287642CDA3D8}.Debug|x64.Deploy.0 = Debug|x64
		{3621BC99-F495-408E-B28C-287642CDA3D8}.Debug|ARM64.ActiveCfg = Debug|ARM64
		{3621BC99-F495-408E-B28C-287642CDA3D8}.Debug|ARM64.Build.0 = Debug|ARM64
		{3621BC99-F495-408E-B28C-287642CDA3D8}.Debug|ARM64.Deploy.0 = Debug|ARM64
		{3621BC99-F495-408E-B28C-287642CDA3D8}.Release|Win32.ActiveCfg = Release|Win32
		{3621BC99-F495-408E-B28C-287642CDA3D8}.Release|Win32.Build.0 = Release|Win32
		{3621BC99-F495-408E-B28C-287642CDA3D8}.Release|Win32.Deploy.0 = Release|Win32
		{3621BC99-F495-408E-B28C-287642CDA3D8}.Release|x64.ActiveCfg = Release|x64
		{3621BC99-F495-408E-B28C-287642CDA3D8}.Release|x64.Build.0 = Release|x64
		{3621BC99-F495-408E-B28C-287642CDA3D8}.Release|x64.Deploy.0 = Release|x64
		{3621BC99-F495-408E-B28C-287642CDA3D8}.Release|ARM64.ActiveCfg = Release|ARM64
		{3621BC99-F495-408E-B28C-287642CDA3D8}.Release|ARM64.Build.0 = Release|ARM64
		{3621BC99-F495-408E-B28C-287642CDA3D8}.Release|ARM64.Deploy.0 = Release|ARM64
		{821148ED-7255-44FD-B91C-D8CEC23C6D11}.Debug|Win32.ActiveCfg = Debug|Win32
		{821148ED-7255-44FD-B91C-D8CEC23C6D11}.Debug|Win32.Build.0 = Debug|Win32
		{821148ED-7255-44FD-B91C-D8CEC23C6D11}.Debug|Win32.Deploy.0 = Debug|Win32
		{821148ED-7255-44FD-B91C-D8CEC23C6D11}.Debug|x64.ActiveCfg = Debug|x64
		{821148ED-7255-44FD-B91C-D8CEC23C6D11}.Debug|x64.Build.0 = Debug|x64
		{821148ED-7255-44FD-B91C-D8CEC23C6D11}.Debug|x64.Deploy.0 = Debug|x64
		{821148ED-7255-44FD-B91C-D8CEC23C6D11}.Debug|ARM64.ActiveCfg = Debug|ARM64
		{821148ED-7255-44FD-B91C-D8CEC23C6D11}.Debug|ARM64.Build.0 = Debug|ARM64
		{821148ED-7255-44FD-B91C-D8CEC23C6D11}.Debug|ARM64.Deploy.0 = Debug|ARM64
		{821148ED-7255-44FD-B91C-D8CEC23C6D11}.Release|Win32.ActiveCfg = Release|Win32
		{821148ED-7255-44FD-B91C-D8CEC23C6D11}.Release|Win32.Build.0 = Release|Win32
		{821148ED-7255-44FD-B91C-D8CEC23C6D11}.Release|Win32.Deploy.0 = Release|Win32
		{821148ED-7255-44FD-B91C-D8CEC23C6D11}.Release|x64.ActiveCfg = Release|x64
		{821148ED-7255-44FD-B91C-D8CEC23C6D11}.Release|x64.Build.0 = Release|x64
		{821148ED-7255-44FD-B91C-D8CEC23C6D11}.Release|x64.Deploy.0 = Release|x64
		{821148ED-7255-44FD-B91C-D8CEC23C6D11}.Release|ARM64.ActiveCfg = Release|ARM64
		{821148ED-7255-44FD-B91C-D8CEC23C6D11}.Release|ARM64.Build.0 = Release|ARM64
		{821148ED-7255-44FD-B91C-D8CEC23C6D11}.Release|ARM64.Deploy.0 = Release|ARM64
		{75D6CE36-D1CF-46F7-B677-E4059FFBC5F9}.Debug|Win32.ActiveCfg = Debug|Win32
		{75D6CE36-D1CF-46F7-B677-E4059FFBC5F9}.Debug|Win32.Build.0 = Debug|Win32
		{75D6CE36-D1CF-46F7-B677-E4059FFBC5F9}.Debug|Win32.Deploy.0 = Debug|Win32
		{75D6CE36-D1CF-46F7-B677-E4059FFBC5F9}.Debug|x64.ActiveCfg = Debug|x64
		{75D6CE36-D1CF-46F7-B677-E4059FFBC5F9}.Debug|x64.Build.0 = Debug|x64
		{75D6CE36-D1CF-46F7-B677-E4059FFBC5F9}.Debug|x64.Deploy.0 = Debug|x64
		{75D6CE36-D1CF-46F7-B677-E4059FFBC5F9}.Debug|ARM64.ActiveCfg = Debug|ARM64
		{75D6CE36-D1CF-46F7-B677-E4059FFBC5F9}.Debug|ARM64.Build.0 = Debug|ARM64
		{75D6CE36-D1CF-46F7-B677-E4059FFBC5F9}.Debug|ARM64.Deploy.0 = Debug|ARM64
		{75D6CE36-D1CF-46F7-B677-E4059FFBC5F9}.Release|Win32.ActiveCfg = Release|Win32
		{75D6CE36-D1CF-46F7-B677-E4059FFBC5F9}.Release|Win32.Build.0 = Release|Win32
		{75D6CE36-D1CF-46F7-B677-E4059FFBC5F9}.Release|Win32.Deploy.0 = Release|Win32
		{75D6CE36-D1CF-46F7-B677-E4059FFBC5F9}.Release|x64.ActiveCfg = Release|x64
		{75D6CE36-D1CF-46F7-B677-E4059FFBC5F9}.Release|x64.Build.0 = Release|x64
		{75D6CE36-D1CF-46F7-B677-E4059FFBC5F9}.Release|x64.Deploy.0 = Release|x64
		{75D6CE36-D1CF-46F7-B677-E4059FFBC5F9}.Release|ARM64.ActiveCfg = Release|ARM64
		{75D6CE36-D1CF-46F7-B677-E4059FFBC5F9}.Release|ARM64.Build.0 = Release|ARM64
		{75D6CE36-D1CF-46F7-B677-E4059FFBC5F9}.Release|ARM64.Deploy.0 = Release|ARM64
		{E21E361F-0F15-41C8-BEE3-6071B8A49FDE}.Debug|Win32.ActiveCfg = Debug|Win32
		{E21E361F-0F15-41C8-BEE3-6071B8A49FDE}.Debug|Win32.Build.0 = Debug|Win32
		{E21E361F-0F15-41C8-BEE3-6071B8A49FDE}.Debug|Win32.Deploy.0 = Debug|Win32
		{E21E361F-0F15-41C8-BEE3-6071B8A49FDE}.Debug|x64.ActiveCfg = Debug|x64
		{E21E361F-0F15-41C8-BEE3-6071B8A49FDE}.Debug|x64.Build.0 = Debug|x64
		{E21E361F-0F15-41C8-BEE3-6071B8A49FDE}.Debug|x64.Deploy.0 = Debug|x64
		{E21E361F-0F15-41C8-BEE3-6071B8A49FDE}.Debug|ARM64.ActiveCfg = Debug|ARM64
		{E21E361F-0F15-41C8-BEE3-6071B8A49FDE}.Debug|ARM64.Build.0 = Debug|ARM64
		{E21E361F-0F15-41C8-BEE3-6071B8A49FDE}.Debug|ARM64.Deploy.0 = Debug|ARM64
		{E21E361F-0F15-41C8-BEE3-6071B8A49FDE}.Release|Win32.ActiveCfg = Release|Win32
		{E21E361F-0F15-41C8-BEE3-6071B8A49FDE}.Release|Win32.Build.0 = Release|Win32
		{E21E361F-0F15-41C8-BEE3-6071B8A49FDE}.Release|Win32.Deploy.0 = Release|Win32
		{E21E361F-0F15-41C8-BEE3-6071B8A49FDE}.Release|x64.ActiveCfg = Release|x64
		{E21E361F-0F15-41C8-BEE3-6071B8A49FDE}.Release|x64.Build.0 = Release|x64
		{E21E361F-0F15-41C8-BEE3-6071B8A49FDE}.Release|x64.Deploy.0 = Release|x64
		{E21E361F-0F15-41C8-BEE3-6071B8A49FDE}.Release|ARM64.ActiveCfg = Release|ARM64
		{E21E361F-0F15-41C8-BEE3-6071B8A49FDE}.Release|ARM64.Build.0 = Release|ARM64
		{E21E361F-0F15-41C8-BEE3-6071B8A49FDE}.Release|ARM64.Deploy.0 = Release|ARM64
		{44FF609C-6EF6-4246-81AD-F6E2D0D79A82}.Debug|Win32.ActiveCfg = Debug|Win32
		{44FF609C-6EF6-4246-81AD-F6E2D0D79A82}.Debug|Win32.Build.0 = Debug|Win32
		{44FF609C-6EF6-4246-81AD-F6E2D0D79A82}.Debug|Win32.Deploy.0 = Debug|Win32
		{44FF609C-6EF6-4246-81AD-F6E2D0D79A82}.Debug|x64.ActiveCfg = Debug|x64
		{44FF609C-6EF6-4246-81AD-F6E2D0D79A82}.Debug|x64.Build.0 = Debug|x64
		{44FF609C-6EF6-4246-81AD-F6E2D0D79A82}.Debug|x64.Deploy.0 = Debug|x64
		{44FF609C-6EF6-4246-81AD-F6E2D0D79A82}.Debug|ARM64.ActiveCfg = Debug|ARM64
		{44FF609C-6EF6-4246-81AD-F6E2D0D79A82}.Debug|ARM64.Build.0 = Debug|ARM64
		{44FF609C-6EF6-4246-81AD-F6E2D0D79A82}.Debug|ARM64.Deploy.0 = Debug|ARM64
		{44FF609C-6EF6-4246-81AD-F6E2D0D79A82}.Release|Win32.ActiveCfg = Release|Win32
		{44FF609C-6EF6-4246-81AD-F6E2D0D79A82}.Release|Win32.Build.0 = Release|Win32
		{44FF609C-6EF6-4246-81AD-F6E2D0D79A82}.Release|Win32.Deploy.0 = Release|Win32
		{44FF609C-6EF6-4246-81AD-F6E2D0D79A82}.Release|x64.ActiveCfg = Release|x64
		{44FF609C-6EF6-4246-81AD-F6E2D0D79A82}.Release|x64.Build.0 = Release|x64
		{44FF609C-6EF6-4246-81AD-F6E2D0D79A82}.Release|x64.Deploy.0 = Release|x64
		{44FF609C-6EF6-4246-81AD-F6E2D0D79A82}.Release|ARM64.ActiveCfg = Release|ARM64
		{44FF609C-6EF6-4246-81AD-F6E2D0D79A82}.Release|ARM64.Build.0 = Release|ARM64
		{44FF609C-6EF6-4246-81AD-F6E2D0D79A82}.Release|ARM64.Deploy.0 = Release|ARM64
		{EE7FAB21-8A17-4D10-A05A-B332E6B50E33}.Debug|Win32.ActiveCfg = Debug|Win32
		{EE7FAB21-8A17-4D10-A05A-B332E6B50E33}.Debug|Win32.Build.0 = Debug|Win32
		{EE7FAB21-8A17-4D10-A05A-B332E6B50E33}.Debug|Win32.Deploy.0 = Debug|Win32
		{EE7FAB21-8A17-4D10-A05A-B332E6B50E33}.Debug|x64.ActiveCfg = Debug|x64
		{EE7FAB21-8A17-4D10-A05A-B332E6B50E33}.Debug|x64.Build.0 = Debug|x64
		{EE7FAB21-8A17-4D10-A05A-B332E6B50E33}.Debug|x64.Deploy.0 = Debug|x64
		{EE7FAB21-8A17-4D10-A05A-B332E6B50E33}.Debug|ARM64.ActiveCfg = Debug|ARM64
		{EE7FAB21-8A17-4D10-A05A-B332E6B50E33}.Debug|ARM64.Build.0 = Debug|ARM64
		{EE7FAB21-8A17-4D10-A05A-B332E6B50E33}.Debug|ARM64.Deploy.0 = Debug|ARM64
		{EE7FAB21-8A17-4D10-A05A-B332E6B50E33}.Release|Win32.ActiveCfg = Release|Win32
		{EE7FAB21-8A17-4D10-A05A-B332E6B50E33}.Release|Win32.Build.0 = Release|Win32
		{EE7FAB21-8A17-4D10-A05A-B332E6B50E33}.Release|Win32.Deploy.0 = Release|Win32
		{EE7FAB21-8A17-4D10-A05A-B332E6B50E33}.Release|x64.ActiveCfg = Release|x64
		{EE7FAB21-8A17-4D10-A05A-B332E6B50E33}.Release|x64.Build.0 = Release|x64
		{EE7FAB21-8A17-4D10-A05A-B332E6B50E33}.Release|x64.Deploy.0 = Release|x64
		{EE7FAB21-8A17-4D10-A05A-B332E6B50E33}.Release|ARM64.ActiveCfg = Release|ARM64
		{EE7FAB21-8A17-4D10-A05A-B332E6B50E33}.Release|ARM64.Build.0 = Release|ARM64
		{EE7FAB21-8A17-4D10-A05A-B332E6B50E33}.Release|ARM64.Deploy.0 = Release|ARM64
		{CA2E51CB-01F5-446A-A348-C4631C6832CB}.Debug|Win32.ActiveCfg = Debug|Win32
		{CA2E51CB-01F5-446A-A348-C4631C6832CB}.Debug|Win32.Build.0 = Debug|Win32
		{CA2E51CB-01F5-446A-A348-C4631C6832CB}.Debug|Win32.Deploy.0 = Debug|Win32
		{CA2E51CB-01F5-446A-A348-C4631C6832CB}.Debug|x64.ActiveCfg = Debug|x64
		{CA2E51CB-01F5-446A-A348-C4631C6832CB}.Debug|x64.Build.0 = Debug|x64
		{CA2E51CB-01F5-446A-A348-C4631C6832CB}.Debug|x64.Deploy.0 = Debug|x64
		{CA2E51CB-01F5-446A-A348-C4631C6832CB}.Debug|ARM64.ActiveCfg = Debug|ARM64
		{CA2E51CB-01F5-446A-A348-C4631C6832CB}.Debug|ARM64.Build.0 = Debug|ARM64
		{CA2E51CB-01F5-446A-A348-C4631C6832CB}.Debug|ARM64.Deploy.0 = Debug|ARM64
		{CA2E51CB-01F5-446A-A348-C4631C6832CB}.Release|Win32.ActiveCfg = Release|Win32
		{CA2E51CB-01F5-446A-A348-C4631C6832CB}.Release|Win32.Build.0 = Release|Win32
		{CA2E51CB-01F5-446A-A348-C4631C6832CB}.Release|Win32.Deploy.0 = Release|Win32
		{CA2E51CB-01F5-446A-A348-C4631C6832CB}.Release|x64.ActiveCfg = Release|x64
		{CA2E51CB-01F5-446A-A348-C4631C6832CB}.Release|x64.Build.0 = Release|x64
		{CA2E51CB-01F5-446A-A348-C4631C6832CB}.Release|x64.Deploy.0 = Release|x64
		{CA2E51CB-01F5-446A-A348-C4631C6832CB}.Release|ARM64.ActiveCfg = Release|ARM64
		{CA2E51CB-01F5-446A-A348-C4631C6832CB}.Release|ARM64.Build.0 = Release|ARM64
		{CA2E51CB-01F5-446A-A348-C4631C6832CB}.Release|ARM64.Deploy.0 = Release|ARM64
		{1030F4CE-25C3-4BA2-8EA8-C46B10B150A0}.Debug|Win32.ActiveCfg = Debug|Win32
		{1030F4CE-25C3-4BA2-8EA8-C46B10B150A0}.Debug|Win32.Build.0 = Debug|Win32
		{1030F4CE-25C3-4BA2-8EA8-C46B10B150A0}.Debug|Win32.Deploy.0 = Debug|Win32
		{1030F4CE-25C3-4BA2-8EA8-C46B10B150A0}.Debug|x64.ActiveCfg = Debug|x64
		{1030F4CE-25C3-4BA2-8EA8-C46B10B150A0}.Debug|x64.Build.0 = Debug|x64
		{1030F4CE-25C3-4BA2-8EA8-C46B10B150A0}.Debug|x64.Deploy.0 = Debug|x64
		{1030F4CE-25C3-4BA2-8EA8-C46B10B150A0}.Debug|ARM64.ActiveCfg = Debug|ARM64
		{1030F4CE-25C3-4BA2-8EA8-C46B10B150A0}.Debug|ARM64.Build.0 = Debug|ARM64
		{1030F4CE-25C3-4BA2-8EA8-C46B10B150A0}.Debug|ARM64.Deploy.0 = Debug|ARM64
		{1030F4CE-25C3-4BA2-8EA8-C46B10B150A0}.Release|Win32.ActiveCfg = Release|Win32
		{1030F4CE-25C3-4BA2-8EA8-C46B10B150A0}.Release|Win32.Build.0 = Release|Win32
		{1030F4CE-25C3-4BA2-8EA8-C46B10B150A0}.Release|Win32.Deploy.0 = Release|Win32
		{1030F4CE-25C3-4BA2-8EA8-C46B10B150A0}.Release|x64.ActiveCfg = Release|x64
		{1030F4CE-25C3-4BA2-8EA8-C46B10B150A0}.Release|x64.Build.0 = Release|x64
		{1030F4CE-25C3-4BA2-8EA8-C46B10B150A0}.Release|x64.Deploy.0 = Release|x64
		{1030F4CE-25C3-4BA2-8EA8-C46B10B150A0}.Release|ARM64.ActiveCfg = Release|ARM64
		{1030F4CE-25C3-4BA2-8EA8-C46B10B150A0}.Release|ARM64.Build.0 = Release|ARM64
		{1030F4CE-25C3-4BA2-8EA8-C46B10B150A0}.Release|ARM64.Deploy.0 = Release|ARM64
		{3EAF2073-B909-450B-A294-08D23D87CEA8}.Debug|Win32.ActiveCfg = Debug|Win32
		{3EAF2073-B909-450B-A294-08D23D87CEA8}.Debug|Win32.Build.0 = Debug|Win32
		{3EAF2073-B909-450B-A294-08D23D87CEA8}.Debug|Win32.Deploy.0 = Debug|Win32
		{3EAF2073-B909-450B-A294-08D23D87CEA8}.Debug|x64.ActiveCfg = Debug|x64
		{3EAF2073-B909-450B-A294-08D23D87CEA8}.Debug|x64.Build.0 = Debug|x64
		{3EAF2073-B909-450B-A294-08D23D87CEA8}.Debug|x64.Deploy.0 = Debug|x64
		{3EAF2073-B909-450B-A294-08D23D87CEA8}.Debug|ARM64.ActiveCfg = Debug|ARM64
		{3EAF2073-B909-450B-A294-08D23D87CEA8}.Debug|ARM64.Build.0 = Debug|ARM64
		{3EAF2073-B909-450B-A294-08D23D87CEA8}.Debug|ARM64.Deploy.0 = Debug|ARM64
		{3EAF2073-B909-450B-A294-08D23D87CEA8}.Release|Win32.ActiveCfg = Release|Win32
		{3EAF2073-B909-450B-A294-08D23D87CEA8}.Release|Win32.Build.0 = Release|Win32
		{3EAF2073-B909-450B-A294-08D23D87CEA8}.Release|Win32.Deploy.0 = Release|Win32
		{3EAF2073-B909-450B-A294-08D23D87CEA8}.Release|x64.ActiveCfg = Release|x64
		{3EAF2073-B909-450B-A294-08D23D87CEA8}.Release|x64.Build.0 = Release|x64
		{3EAF2073-B909-450B-A294-08D23D87CEA8}.Release|x64.Deploy.0 = Release|x64
		{3EAF2073-B909-450B-A294-08D23D87CEA8}.Release|ARM64.ActiveCfg = Release|ARM64
		{3EAF2073-B909-450B-A294-08D23D87CEA8}.Release|ARM64.Build.0 = Release|ARM64
		{3EAF2073-B909-450B-A294-08D23D87CEA8}.Release|ARM64.Deploy.0 = Release|ARM64
		{A8195346-FFB2-4E40-8730-ADE21749746A}.Debug|Win32.ActiveCfg = Debug|Win32
		{A8195346-FFB2-4E40-8730-ADE21749746A}.Debug|Win32.Build.0 = Debug|Win32
		{A8195346-FFB2-4E40-8730-ADE21749746A}.Debug|Win32.Deploy.0 = Debug|Win32
		{A8195346-FFB2-4E40-8730-ADE21749746A}.Debug|x64.ActiveCfg = Debug|x64
		{A8195346-FFB2-4E40-8730-ADE21749746A}.Debug|x64.Build.0 = Debug|x64
		{A8195346-FFB2-4E40-8730-ADE21749746A}.Debug|x64.Deploy.0 = Debug|x64
		{A8195346-FFB2-4E40-8730-ADE21749746A}.Debug|ARM64.ActiveCfg = Debug|ARM64
		{A8195346-FFB2-4E40-8730-ADE21749746A}.Debug|ARM64.Build.0 = Debug|ARM64
		{A8195346-FFB2-4E40-8730-ADE21749746A}.Debug|ARM64.Deploy.0 = Debug|ARM64
		{A8195346-FFB2-4E40-8730-ADE21749746A}.Release|Win32.ActiveCfg = Release|Win32
		{A8195346-FFB2-4E40-8730-ADE21749746A}.Release|Win32.Build.0 = Release|Win32
		{A8195346-FFB2-4E40-8730-ADE21749746A}.Release|Win32.Deploy.0 = Release|Win32
		{A8195346-FFB2-4E40-8730-ADE21749746A}.Release|x64.ActiveCfg = Release|x64
		{A8195346-FFB2-4E40-8730-ADE21749746A}.Release|x64.Build.0 = Release|x64
		{A8195346-FFB2-4E40-8730-ADE21749746A}.Release|x64.Deploy.0 = Release|x64
		{A8195346-FFB2-4E40-8730-ADE21749746A}.Release|ARM64.ActiveCfg = Release|ARM64
		{A8195346-FFB2-4E40-8730-ADE21749746A}.Release|ARM64.Build.0 = Release|ARM64
		{A8195346-FFB2-4E40-8730-ADE21749746A}.Release|ARM64.Deploy.0 = Release|ARM64
		{0CFF6755-6A44-48BC-9AFF-12D809D4A697}.Debug|Win32.ActiveCfg = Debug|Win32
		{0CFF6755-6A44-48BC-9AFF-12D809D4A697}.Debug|Win32.Build.0 = Debug|Win32
		{0CFF6755-6A44-48BC-9AFF-12D809D4A697}.Debug|Win32.Deploy.0 = Debug|Win32
		{0CFF6755-6A44-48BC-9AFF-12D809D4A697}.Debug|x64.ActiveCfg = Debug|x64
		{0CFF6755-6A44-48BC-9AFF-12D809D4A697}.Debug|x64.Build.0 = Debug|x64
		{0CFF6755-6A44-48BC-9AFF-12D809D4A697}.Debug|x64.Deploy.0 = Debug|x64
		{0CFF6755-6A44-48BC-9AFF-12D809D4A697}.Debug|ARM64.ActiveCfg = Debug|ARM64
		{0CFF6755-6A44-48BC-9AFF-12D809D4A697}.Debug|ARM64.Build.0 = Debug|ARM64
		{0CFF6755-6A44-48BC-9AFF-12D809D4A697}.Debug|ARM64.Deploy.0 = Debug|ARM64
		{0CFF6755-6A44-48BC-9AFF-12D809D4A697}.Release|Win32.ActiveCfg = Release|Win32
		{0CFF6755-6A44-48BC-9AFF-12D809D4A697}.Release|Win32.Build.0 = Release|Win32
		{0CFF6755-6A44-48BC-9AFF-12D809D4A697}.Release|Win32.Deploy.0 = Release|Win32
		{0CFF6755-6A44-48BC-9AFF-12D809D4A697}.Release|x64.ActiveCfg = Release|x64
		{0CFF6755-6A44-48BC-9AFF-12D809D4A697}.Release|x64.Build.0 = Release|x64
		{0CFF6755-6A44-48BC-9AFF-12D809D4A697}.Release|x64.Deploy.0 = Release|x64
		{0CFF6755-6A44-48BC-9AFF-12D809D4A697}.Release|ARM64.ActiveCfg = Release|ARM64
		{0CFF6755-6A44-48BC-9AFF-12D809D4A697}.Release|ARM64.Build.0 = Release|ARM64
		{0CFF6755-6A44-48BC-9AFF-12D809D4A697}.Release|ARM64.Deploy.0 = Release|ARM64
		{FD4E631D-5AB3-4A30-A969-D6602FE4EB1C}.Debug|Win32.ActiveCfg = Debug|Win32
		{FD4E631D-5AB3-4A30-A969-D6602FE4EB1C}.Debug|Win32.Build.0 = Debug|Win32
		{FD4E631D-5AB3-4A30-A969-D6602FE4EB1C}.Debug|Win32.Deploy.0 = Debug|Win32
		{FD4E631D-5AB3-4A30-A969-D6602FE4EB1C}.Debug|x64.ActiveCfg = Debug|x64
		{FD4E631D-5AB3-4A30-A969-D6602FE4EB1C}.Debug|x64.Build.0 = Debug|x64
		{FD4E631D-5AB3-4A30-A969-D6602FE4EB1C}.Debug|x64.Deploy.0 = Debug|x64
		{FD4E631D-5AB3-4A30-A969-D6602FE4EB1C}.Debug|ARM64.ActiveCfg = Debug|ARM64
		{FD4E631D-5AB3-4A30-A969-D6602FE4EB1C}.Debug|ARM64.Build.0 = Debug|ARM64
		{FD4E631D-5AB3-4A30-A969-D6602FE4EB1C}.Debug|ARM64.Deploy.0 = Debug|ARM64
		{FD4E631D-5AB3-4A30-A969-D6602FE4EB1C}.Release|Win32.ActiveCfg = Release|Win32
		{FD4E631D-5AB3-4A30-A969-D6602FE4EB1C}.Release|Win32.Build.0 = Release|Win32
		{FD4E631D-5AB3-4A30-A969-D6602FE4EB1C}.Release|Win32.Deploy.0 = Release|Win32
		{FD4E631D-5AB3-4A30-A969-D6602FE4EB1C}.Release|x64.ActiveCfg = Release|x64
		{FD4E631D-5AB3-4A30-A969-D6602FE4EB1C}.Release|x64.Build.0 = Release|x64
		{FD4E631D-5AB3-4A30-A969-D6602FE4EB1C}.Release|x64.Deploy.0 = Release|x64
		{FD4E631D-5AB3-4A30-A969-D6602FE4EB1C}.Release|ARM64.ActiveCfg = Release|ARM64
		{FD4E631D-5AB3-4A30-A969-D6602FE4EB1C}.Release|ARM64.Build.0 = Release|ARM64
		{FD4E631D-5AB3-4A30-A969-D6602FE4EB1C}.Release|ARM64.Deploy.0 = Release|ARM64
	EndGlobalSection
	GlobalSection(SolutionProperties) = preSolution
		HideSolutionNode = FALSE
	EndGlobalSection
EndGlobal
