
Microsoft Visual Studio Solution File, Format Version 11.00
# Visual Studio Version 16
Project("{8BC9CEB8-8B4A-11D0-8D11-00A0C91BC942}") = "3d", "3d.vcxproj", "{0B310D2F-563D-4A3F-A7DE-CD304A6739DA}"
EndProject
Project("{8BC9CEB8-8B4A-11D0-8D11-00A0C91BC942}") = "3d_multi", "3d_multi.vcxproj", "{07B6AEBC-CCD1-4E13-ADC7-7AEE0AEDC400}"
EndProject
Project("{8BC9CEB8-8B4A-11D0-8D11-00A0C91BC942}") = "event_parameter", "event_parameter.vcxproj", "{077BDA98-3337-42BA-9343-48DD80290B23}"
EndProject
Project("{8BC9CEB8-8B4A-11D0-8D11-00A0C91BC942}") = "load_banks", "load_banks.vcxproj", "{33934513-25A9-42FE-AE6F-25B80893EA25}"
EndProject
Project("{8BC9CEB8-8B4A-11D0-8D11-00A0C91BC942}") = "music_callbacks", "music_callbacks.vcxproj", "{04537FA6-06EA-4C60-B486-A178A43C77FE}"
EndProject
Project("{8BC9CEB8-8B4A-11D0-8D11-00A0C91BC942}") = "objectpan", "objectpan.vcxproj", "{F3185FDC-D2BB-472A-B7EE-34D8D7919018}"
EndProject
Project("{8BC9CEB8-8B4A-11D0-8D11-00A0C91BC942}") = "programmer_sound", "programmer_sound.vcxproj", "{E374EB7D-D00D-4051-A1BF-9FCCDAC454E2}"
EndProject
Project("{8BC9CEB8-8B4A-11D0-8D11-00A0C91BC942}") = "recording_playback", "recording_playback.vcxproj", "{0E3AB4BB-A32D-4A73-A66E-A87B1D5C54C5}"
EndProject
Project("{8BC9CEB8-8B4A-11D0-8D11-00A0C91BC942}") = "simple_event", "simple_event.vcxproj", "{F962441C-CA03-4B72-929E-20C1008BAB94}"
EndProject
Global
	GlobalSection(SolutionConfigurationPlatforms) = preSolution
		Debug|Win32 = Debug|Win32
		Debug|x64 = Debug|x64
		Debug|ARM64 = Debug|ARM64
		Release|Win32 = Release|Win32
		Release|x64 = Release|x64
		Release|ARM64 = Release|ARM64
	EndGlobalSection
	GlobalSection(ProjectConfigurationPlatforms) = postSolution
		{0B310D2F-563D-4A3F-A7DE-CD304A6739DA}.Debug|Win32.ActiveCfg = Debug|Win32
		{0B310D2F-563D-4A3F-A7DE-CD304A6739DA}.Debug|Win32.Build.0 = Debug|Win32
		{0B310D2F-563D-4A3F-A7DE-CD304A6739DA}.Debug|Win32.Deploy.0 = Debug|Win32
		{0B310D2F-563D-4A3F-A7DE-CD304A6739DA}.Debug|x64.ActiveCfg = Debug|x64
		{0B310D2F-563D-4A3F-A7DE-CD304A6739DA}.Debug|x64.Build.0 = Debug|x64
		{0B310D2F-563D-4A3F-A7DE-CD304A6739DA}.Debug|x64.Deploy.0 = Debug|x64
		{0B310D2F-563D-4A3F-A7DE-CD304A6739DA}.Debug|ARM64.ActiveCfg = Debug|ARM64
		{0B310D2F-563D-4A3F-A7DE-CD304A6739DA}.Debug|ARM64.Build.0 = Debug|ARM64
		{0B310D2F-563D-4A3F-A7DE-CD304A6739DA}.Debug|ARM64.Deploy.0 = Debug|ARM64
		{0B310D2F-563D-4A3F-A7DE-CD304A6739DA}.Release|Win32.ActiveCfg = Release|Win32
		{0B310D2F-563D-4A3F-A7DE-CD304A6739DA}.Release|Win32.Build.0 = Release|Win32
		{0B310D2F-563D-4A3F-A7DE-CD304A6739DA}.Release|Win32.Deploy.0 = Release|Win32
		{0B310D2F-563D-4A3F-A7DE-CD304A6739DA}.Release|x64.ActiveCfg = Release|x64
		{0B310D2F-563D-4A3F-A7DE-CD304A6739DA}.Release|x64.Build.0 = Release|x64
		{0B310D2F-563D-4A3F-A7DE-CD304A6739DA}.Release|x64.Deploy.0 = Release|x64
		{0B310D2F-563D-4A3F-A7DE-CD304A6739DA}.Release|ARM64.ActiveCfg = Release|ARM64
		{0B310D2F-563D-4A3F-A7DE-CD304A6739DA}.Release|ARM64.Build.0 = Release|ARM64
		{0B310D2F-563D-4A3F-A7DE-CD304A6739DA}.Release|ARM64.Deploy.0 = Release|ARM64
		{07B6AEBC-CCD1-4E13-ADC7-7AEE0AEDC400}.Debug|Win32.ActiveCfg = Debug|Win32
		{07B6AEBC-CCD1-4E13-ADC7-7AEE0AEDC400}.Debug|Win32.Build.0 = Debug|Win32
		{07B6AEBC-CCD1-4E13-ADC7-7AEE0AEDC400}.Debug|Win32.Deploy.0 = Debug|Win32
		{07B6AEBC-CCD1-4E13-ADC7-7AEE0AEDC400}.Debug|x64.ActiveCfg = Debug|x64
		{07B6AEBC-CCD1-4E13-ADC7-7AEE0AEDC400}.Debug|x64.Build.0 = Debug|x64
		{07B6AEBC-CCD1-4E13-ADC7-7AEE0AEDC400}.Debug|x64.Deploy.0 = Debug|x64
		{07B6AEBC-CCD1-4E13-ADC7-7AEE0AEDC400}.Debug|ARM64.ActiveCfg = Debug|ARM64
		{07B6AEBC-CCD1-4E13-ADC7-7AEE0AEDC400}.Debug|ARM64.Build.0 = Debug|ARM64
		{07B6AEBC-CCD1-4E13-ADC7-7AEE0AEDC400}.Debug|ARM64.Deploy.0 = Debug|ARM64
		{07B6AEBC-CCD1-4E13-ADC7-7AEE0AEDC400}.Release|Win32.ActiveCfg = Release|Win32
		{07B6AEBC-CCD1-4E13-ADC7-7AEE0AEDC400}.Release|Win32.Build.0 = Release|Win32
		{07B6AEBC-CCD1-4E13-ADC7-7AEE0AEDC400}.Release|Win32.Deploy.0 = Release|Win32
		{07B6AEBC-CCD1-4E13-ADC7-7AEE0AEDC400}.Release|x64.ActiveCfg = Release|x64
		{07B6AEBC-CCD1-4E13-ADC7-7AEE0AEDC400}.Release|x64.Build.0 = Release|x64
		{07B6AEBC-CCD1-4E13-ADC7-7AEE0AEDC400}.Release|x64.Deploy.0 = Release|x64
		{07B6AEBC-CCD1-4E13-ADC7-7AEE0AEDC400}.Release|ARM64.ActiveCfg = Release|ARM64
		{07B6AEBC-CCD1-4E13-ADC7-7AEE0AEDC400}.Release|ARM64.Build.0 = Release|ARM64
		{07B6AEBC-CCD1-4E13-ADC7-7AEE0AEDC400}.Release|ARM64.Deploy.0 = Release|ARM64
		{077BDA98-3337-42BA-9343-48DD80290B23}.Debug|Win32.ActiveCfg = Debug|Win32
		{077BDA98-3337-42BA-9343-48DD80290B23}.Debug|Win32.Build.0 = Debug|Win32
		{077BDA98-3337-42BA-9343-48DD80290B23}.Debug|Win32.Deploy.0 = Debug|Win32
		{077BDA98-3337-42BA-9343-48DD80290B23}.Debug|x64.ActiveCfg = Debug|x64
		{077BDA98-3337-42BA-9343-48DD80290B23}.Debug|x64.Build.0 = Debug|x64
		{077BDA98-3337-42BA-9343-48DD80290B23}.Debug|x64.Deploy.0 = Debug|x64
		{077BDA98-3337-42BA-9343-48DD80290B23}.Debug|ARM64.ActiveCfg = Debug|ARM64
		{077BDA98-3337-42BA-9343-48DD80290B23}.Debug|ARM64.Build.0 = Debug|ARM64
		{077BDA98-3337-42BA-9343-48DD80290B23}.Debug|ARM64.Deploy.0 = Debug|ARM64
		{077BDA98-3337-42BA-9343-48DD80290B23}.Release|Win32.ActiveCfg = Release|Win32
		{077BDA98-3337-42BA-9343-48DD80290B23}.Release|Win32.Build.0 = Release|Win32
		{077BDA98-3337-42BA-9343-48DD80290B23}.Release|Win32.Deploy.0 = Release|Win32
		{077BDA98-3337-42BA-9343-48DD80290B23}.Release|x64.ActiveCfg = Release|x64
		{077BDA98-3337-42BA-9343-48DD80290B23}.Release|x64.Build.0 = Release|x64
		{077BDA98-3337-42BA-9343-48DD80290B23}.Release|x64.Deploy.0 = Release|x64
		{077BDA98-3337-42BA-9343-48DD80290B23}.Release|ARM64.ActiveCfg = Release|ARM64
		{077BDA98-3337-42BA-9343-48DD80290B23}.Release|ARM64.Build.0 = Release|ARM64
		{077BDA98-3337-42BA-9343-48DD80290B23}.Release|ARM64.Deploy.0 = Release|ARM64
		{33934513-25A9-42FE-AE6F-25B80893EA25}.Debug|Win32.ActiveCfg = Debug|Win32
		{33934513-25A9-42FE-AE6F-25B80893EA25}.Debug|Win32.Build.0 = Debug|Win32
		{33934513-25A9-42FE-AE6F-25B80893EA25}.Debug|Win32.Deploy.0 = Debug|Win32
		{33934513-25A9-42FE-AE6F-25B80893EA25}.Debug|x64.ActiveCfg = Debug|x64
		{33934513-25A9-42FE-AE6F-25B80893EA25}.Debug|x64.Build.0 = Debug|x64
		{33934513-25A9-42FE-AE6F-25B80893EA25}.Debug|x64.Deploy.0 = Debug|x64
		{33934513-25A9-42FE-AE6F-25B80893EA25}.Debug|ARM64.ActiveCfg = Debug|ARM64
		{33934513-25A9-42FE-AE6F-25B80893EA25}.Debug|ARM64.Build.0 = Debug|ARM64
		{33934513-25A9-42FE-AE6F-25B80893EA25}.Debug|ARM64.Deploy.0 = Debug|ARM64
		{33934513-25A9-42FE-AE6F-25B80893EA25}.Release|Win32.ActiveCfg = Release|Win32
		{33934513-25A9-42FE-AE6F-25B80893EA25}.Release|Win32.Build.0 = Release|Win32
		{33934513-25A9-42FE-AE6F-25B80893EA25}.Release|Win32.Deploy.0 = Release|Win32
		{33934513-25A9-42FE-AE6F-25B80893EA25}.Release|x64.ActiveCfg = Release|x64
		{33934513-25A9-42FE-AE6F-25B80893EA25}.Release|x64.Build.0 = Release|x64
		{33934513-25A9-42FE-AE6F-25B80893EA25}.Release|x64.Deploy.0 = Release|x64
		{33934513-25A9-42FE-AE6F-25B80893EA25}.Release|ARM64.ActiveCfg = Release|ARM64
		{33934513-25A9-42FE-AE6F-25B80893EA25}.Release|ARM64.Build.0 = Release|ARM64
		{33934513-25A9-42FE-AE6F-25B80893EA25}.Release|ARM64.Deploy.0 = Release|ARM64
		{04537FA6-06EA-4C60-B486-A178A43C77FE}.Debug|Win32.ActiveCfg = Debug|Win32
		{04537FA6-06EA-4C60-B486-A178A43C77FE}.Debug|Win32.Build.0 = Debug|Win32
		{04537FA6-06EA-4C60-B486-A178A43C77FE}.Debug|Win32.Deploy.0 = Debug|Win32
		{04537FA6-06EA-4C60-B486-A178A43C77FE}.Debug|x64.ActiveCfg = Debug|x64
		{04537FA6-06EA-4C60-B486-A178A43C77FE}.Debug|x64.Build.0 = Debug|x64
		{04537FA6-06EA-4C60-B486-A178A43C77FE}.Debug|x64.Deploy.0 = Debug|x64
		{04537FA6-06EA-4C60-B486-A178A43C77FE}.Debug|ARM64.ActiveCfg = Debug|ARM64
		{04537FA6-06EA-4C60-B486-A178A43C77FE}.Debug|ARM64.Build.0 = Debug|ARM64
		{04537FA6-06EA-4C60-B486-A178A43C77FE}.Debug|ARM64.Deploy.0 = Debug|ARM64
		{04537FA6-06EA-4C60-B486-A178A43C77FE}.Release|Win32.ActiveCfg = Release|Win32
		{04537FA6-06EA-4C60-B486-A178A43C77FE}.Release|Win32.Build.0 = Release|Win32
		{04537FA6-06EA-4C60-B486-A178A43C77FE}.Release|Win32.Deploy.0 = Release|Win32
		{04537FA6-06EA-4C60-B486-A178A43C77FE}.Release|x64.ActiveCfg = Release|x64
		{04537FA6-06EA-4C60-B486-A178A43C77FE}.Release|x64.Build.0 = Release|x64
		{04537FA6-06EA-4C60-B486-A178A43C77FE}.Release|x64.Deploy.0 = Release|x64
		{04537FA6-06EA-4C60-B486-A178A43C77FE}.Release|ARM64.ActiveCfg = Release|ARM64
		{04537FA6-06EA-4C60-B486-A178A43C77FE}.Release|ARM64.Build.0 = Release|ARM64
		{04537FA6-06EA-4C60-B486-A178A43C77FE}.Release|ARM64.Deploy.0 = Release|ARM64
		{F3185FDC-D2BB-472A-B7EE-34D8D7919018}.Debug|Win32.ActiveCfg = Debug|Win32
		{F3185FDC-D2BB-472A-B7EE-34D8D7919018}.Debug|Win32.Build.0 = Debug|Win32
		{F3185FDC-D2BB-472A-B7EE-34D8D7919018}.Debug|Win32.Deploy.0 = Debug|Win32
		{F3185FDC-D2BB-472A-B7EE-34D8D7919018}.Debug|x64.ActiveCfg = Debug|x64
		{F3185FDC-D2BB-472A-B7EE-34D8D7919018}.Debug|x64.Build.0 = Debug|x64
		{F3185FDC-D2BB-472A-B7EE-34D8D7919018}.Debug|x64.Deploy.0 = Debug|x64
		{F3185FDC-D2BB-472A-B7EE-34D8D7919018}.Debug|ARM64.ActiveCfg = Debug|ARM64
		{F3185FDC-D2BB-472A-B7EE-34D8D7919018}.Debug|ARM64.Build.0 = Debug|ARM64
		{F3185FDC-D2BB-472A-B7EE-34D8D7919018}.Debug|ARM64.Deploy.0 = Debug|ARM64
		{F3185FDC-D2BB-472A-B7EE-34D8D7919018}.Release|Win32.ActiveCfg = Release|Win32
		{F3185FDC-D2BB-472A-B7EE-34D8D7919018}.Release|Win32.Build.0 = Release|Win32
		{F3185FDC-D2BB-472A-B7EE-34D8D7919018}.Release|Win32.Deploy.0 = Release|Win32
		{F3185FDC-D2BB-472A-B7EE-34D8D7919018}.Release|x64.ActiveCfg = Release|x64
		{F3185FDC-D2BB-472A-B7EE-34D8D7919018}.Release|x64.Build.0 = Release|x64
		{F3185FDC-D2BB-472A-B7EE-34D8D7919018}.Release|x64.Deploy.0 = Release|x64
		{F3185FDC-D2BB-472A-B7EE-34D8D7919018}.Release|ARM64.ActiveCfg = Release|ARM64
		{F3185FDC-D2BB-472A-B7EE-34D8D7919018}.Release|ARM64.Build.0 = Release|ARM64
		{F3185FDC-D2BB-472A-B7EE-34D8D7919018}.Release|ARM64.Deploy.0 = Release|ARM64
		{E374EB7D-D00D-4051-A1BF-9FCCDAC454E2}.Debug|Win32.ActiveCfg = Debug|Win32
		{E374EB7D-D00D-4051-A1BF-9FCCDAC454E2}.Debug|Win32.Build.0 = Debug|Win32
		{E374EB7D-D00D-4051-A1BF-9FCCDAC454E2}.Debug|Win32.Deploy.0 = Debug|Win32
		{E374EB7D-D00D-4051-A1BF-9FCCDAC454E2}.Debug|x64.ActiveCfg = Debug|x64
		{E374EB7D-D00D-4051-A1BF-9FCCDAC454E2}.Debug|x64.Build.0 = Debug|x64
		{E374EB7D-D00D-4051-A1BF-9FCCDAC454E2}.Debug|x64.Deploy.0 = Debug|x64
		{E374EB7D-D00D-4051-A1BF-9FCCDAC454E2}.Debug|ARM64.ActiveCfg = Debug|ARM64
		{E374EB7D-D00D-4051-A1BF-9FCCDAC454E2}.Debug|ARM64.Build.0 = Debug|ARM64
		{E374EB7D-D00D-4051-A1BF-9FCCDAC454E2}.Debug|ARM64.Deploy.0 = Debug|ARM64
		{E374EB7D-D00D-4051-A1BF-9FCCDAC454E2}.Release|Win32.ActiveCfg = Release|Win32
		{E374EB7D-D00D-4051-A1BF-9FCCDAC454E2}.Release|Win32.Build.0 = Release|Win32
		{E374EB7D-D00D-4051-A1BF-9FCCDAC454E2}.Release|Win32.Deploy.0 = Release|Win32
		{E374EB7D-D00D-4051-A1BF-9FCCDAC454E2}.Release|x64.ActiveCfg = Release|x64
		{E374EB7D-D00D-4051-A1BF-9FCCDAC454E2}.Release|x64.Build.0 = Release|x64
		{E374EB7D-D00D-4051-A1BF-9FCCDAC454E2}.Release|x64.Deploy.0 = Release|x64
		{E374EB7D-D00D-4051-A1BF-9FCCDAC454E2}.Release|ARM64.ActiveCfg = Release|ARM64
		{E374EB7D-D00D-4051-A1BF-9FCCDAC454E2}.Release|ARM64.Build.0 = Release|ARM64
		{E374EB7D-D00D-4051-A1BF-9FCCDAC454E2}.Release|ARM64.Deploy.0 = Release|ARM64
		{0E3AB4BB-A32D-4A73-A66E-A87B1D5C54C5}.Debug|Win32.ActiveCfg = Debug|Win32
		{0E3AB4BB-A32D-4A73-A66E-A87B1D5C54C5}.Debug|Win32.Build.0 = Debug|Win32
		{0E3AB4BB-A32D-4A73-A66E-A87B1D5C54C5}.Debug|Win32.Deploy.0 = Debug|Win32
		{0E3AB4BB-A32D-4A73-A66E-A87B1D5C54C5}.Debug|x64.ActiveCfg = Debug|x64
		{0E3AB4BB-A32D-4A73-A66E-A87B1D5C54C5}.Debug|x64.Build.0 = Debug|x64
		{0E3AB4BB-A32D-4A73-A66E-A87B1D5C54C5}.Debug|x64.Deploy.0 = Debug|x64
		{0E3AB4BB-A32D-4A73-A66E-A87B1D5C54C5}.Debug|ARM64.ActiveCfg = Debug|ARM64
		{0E3AB4BB-A32D-4A73-A66E-A87B1D5C54C5}.Debug|ARM64.Build.0 = Debug|ARM64
		{0E3AB4BB-A32D-4A73-A66E-A87B1D5C54C5}.Debug|ARM64.Deploy.0 = Debug|ARM64
		{0E3AB4BB-A32D-4A73-A66E-A87B1D5C54C5}.Release|Win32.ActiveCfg = Release|Win32
		{0E3AB4BB-A32D-4A73-A66E-A87B1D5C54C5}.Release|Win32.Build.0 = Release|Win32
		{0E3AB4BB-A32D-4A73-A66E-A87B1D5C54C5}.Release|Win32.Deploy.0 = Release|Win32
		{0E3AB4BB-A32D-4A73-A66E-A87B1D5C54C5}.Release|x64.ActiveCfg = Release|x64
		{0E3AB4BB-A32D-4A73-A66E-A87B1D5C54C5}.Release|x64.Build.0 = Release|x64
		{0E3AB4BB-A32D-4A73-A66E-A87B1D5C54C5}.Release|x64.Deploy.0 = Release|x64
		{0E3AB4BB-A32D-4A73-A66E-A87B1D5C54C5}.Release|ARM64.ActiveCfg = Release|ARM64
		{0E3AB4BB-A32D-4A73-A66E-A87B1D5C54C5}.Release|ARM64.Build.0 = Release|ARM64
		{0E3AB4BB-A32D-4A73-A66E-A87B1D5C54C5}.Release|ARM64.Deploy.0 = Release|ARM64
		{F962441C-CA03-4B72-929E-20C1008BAB94}.Debug|Win32.ActiveCfg = Debug|Win32
		{F962441C-CA03-4B72-929E-20C1008BAB94}.Debug|Win32.Build.0 = Debug|Win32
		{F962441C-CA03-4B72-929E-20C1008BAB94}.Debug|Win32.Deploy.0 = Debug|Win32
		{F962441C-CA03-4B72-929E-20C1008BAB94}.Debug|x64.ActiveCfg = Debug|x64
		{F962441C-CA03-4B72-929E-20C1008BAB94}.Debug|x64.Build.0 = Debug|x64
		{F962441C-CA03-4B72-929E-20C1008BAB94}.Debug|x64.Deploy.0 = Debug|x64
		{F962441C-CA03-4B72-929E-20C1008BAB94}.Debug|ARM64.ActiveCfg = Debug|ARM64
		{F962441C-CA03-4B72-929E-20C1008BAB94}.Debug|ARM64.Build.0 = Debug|ARM64
		{F962441C-CA03-4B72-929E-20C1008BAB94}.Debug|ARM64.Deploy.0 = Debug|ARM64
		{F962441C-CA03-4B72-929E-20C1008BAB94}.Release|Win32.ActiveCfg = Release|Win32
		{F962441C-CA03-4B72-929E-20C1008BAB94}.Release|Win32.Build.0 = Release|Win32
		{F962441C-CA03-4B72-929E-20C1008BAB94}.Release|Win32.Deploy.0 = Release|Win32
		{F962441C-CA03-4B72-929E-20C1008BAB94}.Release|x64.ActiveCfg = Release|x64
		{F962441C-CA03-4B72-929E-20C1008BAB94}.Release|x64.Build.0 = Release|x64
		{F962441C-CA03-4B72-929E-20C1008BAB94}.Release|x64.Deploy.0 = Release|x64
		{F962441C-CA03-4B72-929E-20C1008BAB94}.Release|ARM64.ActiveCfg = Release|ARM64
		{F962441C-CA03-4B72-929E-20C1008BAB94}.Release|ARM64.Build.0 = Release|ARM64
		{F962441C-CA03-4B72-929E-20C1008BAB94}.Release|ARM64.Deploy.0 = Release|ARM64
	EndGlobalSection
	GlobalSection(SolutionProperties) = preSolution
		HideSolutionNode = FALSE
	EndGlobalSection
EndGlobal
